// !$*UTF8*$!
{
	archiveVersion = 1;
	classes = {
	};
	objectVersion = 51;
	objects = {

/* Begin PBXBuildFile section */
		3B65D2F97E2DA5CCAB4AB490 /* Pods_QMUIKit_Study.framework in Frameworks */ = {isa = PBXBuildFile; fileRef = E46C825538DD4CD8FD989106 /* Pods_QMUIKit_Study.framework */; };
		76284E767453AC502FF3748E /* Pods_QMUIKit_StudyTests.framework in Frameworks */ = {isa = PBXBuildFile; fileRef = 72EF910E755272903AD5A23C /* Pods_QMUIKit_StudyTests.framework */; };
		D17F07E823A770B5003AA2A9 /* CacheListController.m in Sources */ = {isa = PBXBuildFile; fileRef = D17F07E723A770B5003AA2A9 /* CacheListController.m */; };
		D17F07ED23A7713C003AA2A9 /* CacheCell1.m in Sources */ = {isa = PBXBuildFile; fileRef = D17F07EB23A7713C003AA2A9 /* CacheCell1.m */; };
		D17F07EE23A7713C003AA2A9 /* CacheCell1.xib in Resources */ = {isa = PBXBuildFile; fileRef = D17F07EC23A7713C003AA2A9 /* CacheCell1.xib */; };
		D17F07F223A7714C003AA2A9 /* CacheCell2.m in Sources */ = {isa = PBXBuildFile; fileRef = D17F07F023A7714C003AA2A9 /* CacheCell2.m */; };
		D17F07F323A7714C003AA2A9 /* CacheCell2.xib in Resources */ = {isa = PBXBuildFile; fileRef = D17F07F123A7714C003AA2A9 /* CacheCell2.xib */; };
		D17F07F623A77636003AA2A9 /* CacheItem.m in Sources */ = {isa = PBXBuildFile; fileRef = D17F07F523A77636003AA2A9 /* CacheItem.m */; };
		D1A029C6238A6AB800326601 /* AppDelegate.m in Sources */ = {isa = PBXBuildFile; fileRef = D1A029C5238A6AB800326601 /* AppDelegate.m */; };
		D1A029C9238A6AB800326601 /* SceneDelegate.m in Sources */ = {isa = PBXBuildFile; fileRef = D1A029C8238A6AB800326601 /* SceneDelegate.m */; };
		D1A029CC238A6AB800326601 /* ViewController.m in Sources */ = {isa = PBXBuildFile; fileRef = D1A029CB238A6AB800326601 /* ViewController.m */; };
		D1A029CF238A6AB800326601 /* Main.storyboard in Resources */ = {isa = PBXBuildFile; fileRef = D1A029CD238A6AB800326601 /* Main.storyboard */; };
		D1A029D1238A6ABC00326601 /* Assets.xcassets in Resources */ = {isa = PBXBuildFile; fileRef = D1A029D0238A6ABC00326601 /* Assets.xcassets */; };
		D1A029D4238A6ABC00326601 /* LaunchScreen.storyboard in Resources */ = {isa = PBXBuildFile; fileRef = D1A029D2238A6ABC00326601 /* LaunchScreen.storyboard */; };
		D1A029D7238A6ABC00326601 /* main.m in Sources */ = {isa = PBXBuildFile; fileRef = D1A029D6238A6ABC00326601 /* main.m */; };
		D1A029E1238A6ABC00326601 /* QMUIKit_StudyTests.m in Sources */ = {isa = PBXBuildFile; fileRef = D1A029E0238A6ABC00326601 /* QMUIKit_StudyTests.m */; };
		D1A02A53238B6D1E00326601 /* NoHideController.m in Sources */ = {isa = PBXBuildFile; fileRef = D1A02A52238B6D1E00326601 /* NoHideController.m */; };
		D1A02A57238B79FB00326601 /* PViewController.m in Sources */ = {isa = PBXBuildFile; fileRef = D1A02A56238B79FB00326601 /* PViewController.m */; };
		D1A02A5A238B7A1200326601 /* NHViewController.m in Sources */ = {isa = PBXBuildFile; fileRef = D1A02A59238B7A1200326601 /* NHViewController.m */; };
		D1A02A65238BA85600326601 /* QMUIConfigurationTemplateGrass.m in Sources */ = {isa = PBXBuildFile; fileRef = D1A02A5E238BA85400326601 /* QMUIConfigurationTemplateGrass.m */; };
		D1A02A66238BA85600326601 /* QMUIConfigurationTemplate.m in Sources */ = {isa = PBXBuildFile; fileRef = D1A02A5F238BA85500326601 /* QMUIConfigurationTemplate.m */; };
		D1A02A67238BA85600326601 /* QMUIConfigurationTemplatePinkRose.m in Sources */ = {isa = PBXBuildFile; fileRef = D1A02A61238BA85500326601 /* QMUIConfigurationTemplatePinkRose.m */; };
		D1A02A68238BA85600326601 /* QMUIConfigurationTemplateGrapefruit.m in Sources */ = {isa = PBXBuildFile; fileRef = D1A02A62238BA85600326601 /* QMUIConfigurationTemplateGrapefruit.m */; };
		D1A02A69238BA85600326601 /* QMUIConfigurationTemplateDark.m in Sources */ = {isa = PBXBuildFile; fileRef = D1A02A63238BA85600326601 /* QMUIConfigurationTemplateDark.m */; };
		D1A02A6D238BA88400326601 /* QDThemeManager.m in Sources */ = {isa = PBXBuildFile; fileRef = D1A02A6B238BA88300326601 /* QDThemeManager.m */; };
		D1A02A74238BA9E700326601 /* QDUIHelper.m in Sources */ = {isa = PBXBuildFile; fileRef = D1A02A70238BA9E600326601 /* QDUIHelper.m */; };
		D1A02A75238BA9E700326601 /* QDCommonUI.m in Sources */ = {isa = PBXBuildFile; fileRef = D1A02A71238BA9E700326601 /* QDCommonUI.m */; };
		D1A02A76238BA9E700326601 /* UIImageEffects.m in Sources */ = {isa = PBXBuildFile; fileRef = D1A02A72238BA9E700326601 /* UIImageEffects.m */; };
/* End PBXBuildFile section */

/* Begin PBXContainerItemProxy section */
		D1A029DD238A6ABC00326601 /* PBXContainerItemProxy */ = {
			isa = PBXContainerItemProxy;
			containerPortal = D1A029B9238A6AB800326601 /* Project object */;
			proxyType = 1;
			remoteGlobalIDString = D1A029C0238A6AB800326601;
			remoteInfo = QMUIKit_Study;
		};
/* End PBXContainerItemProxy section */

/* Begin PBXFileReference section */
		32BA7B3981E489B9D01DDA24 /* Pods-QMUIKit_StudyTests.release.xcconfig */ = {isa = PBXFileReference; includeInIndex = 1; lastKnownFileType = text.xcconfig; name = "Pods-QMUIKit_StudyTests.release.xcconfig"; path = "Target Support Files/Pods-QMUIKit_StudyTests/Pods-QMUIKit_StudyTests.release.xcconfig"; sourceTree = "<group>"; };
		72EF910E755272903AD5A23C /* Pods_QMUIKit_StudyTests.framework */ = {isa = PBXFileReference; explicitFileType = wrapper.framework; includeInIndex = 0; path = Pods_QMUIKit_StudyTests.framework; sourceTree = BUILT_PRODUCTS_DIR; };
		ABE3BD7D11F437A581E2A6F3 /* Pods-QMUIKit_StudyTests.debug.xcconfig */ = {isa = PBXFileReference; includeInIndex = 1; lastKnownFileType = text.xcconfig; name = "Pods-QMUIKit_StudyTests.debug.xcconfig"; path = "Target Support Files/Pods-QMUIKit_StudyTests/Pods-QMUIKit_StudyTests.debug.xcconfig"; sourceTree = "<group>"; };
		BDBE8F86409FF9C8F57D0C1C /* Pods-QMUIKit_Study.release.xcconfig */ = {isa = PBXFileReference; includeInIndex = 1; lastKnownFileType = text.xcconfig; name = "Pods-QMUIKit_Study.release.xcconfig"; path = "Target Support Files/Pods-QMUIKit_Study/Pods-QMUIKit_Study.release.xcconfig"; sourceTree = "<group>"; };
		D17F07E623A770B5003AA2A9 /* CacheListController.h */ = {isa = PBXFileReference; lastKnownFileType = sourcecode.c.h; path = CacheListController.h; sourceTree = "<group>"; };
		D17F07E723A770B5003AA2A9 /* CacheListController.m */ = {isa = PBXFileReference; lastKnownFileType = sourcecode.c.objc; path = CacheListController.m; sourceTree = "<group>"; };
		D17F07EA23A7713C003AA2A9 /* CacheCell1.h */ = {isa = PBXFileReference; lastKnownFileType = sourcecode.c.h; path = CacheCell1.h; sourceTree = "<group>"; };
		D17F07EB23A7713C003AA2A9 /* CacheCell1.m */ = {isa = PBXFileReference; lastKnownFileType = sourcecode.c.objc; path = CacheCell1.m; sourceTree = "<group>"; };
		D17F07EC23A7713C003AA2A9 /* CacheCell1.xib */ = {isa = PBXFileReference; lastKnownFileType = file.xib; path = CacheCell1.xib; sourceTree = "<group>"; };
		D17F07EF23A7714C003AA2A9 /* CacheCell2.h */ = {isa = PBXFileReference; lastKnownFileType = sourcecode.c.h; path = CacheCell2.h; sourceTree = "<group>"; };
		D17F07F023A7714C003AA2A9 /* CacheCell2.m */ = {isa = PBXFileReference; lastKnownFileType = sourcecode.c.objc; path = CacheCell2.m; sourceTree = "<group>"; };
		D17F07F123A7714C003AA2A9 /* CacheCell2.xib */ = {isa = PBXFileReference; lastKnownFileType = file.xib; path = CacheCell2.xib; sourceTree = "<group>"; };
		D17F07F423A77636003AA2A9 /* CacheItem.h */ = {isa = PBXFileReference; lastKnownFileType = sourcecode.c.h; path = CacheItem.h; sourceTree = "<group>"; };
		D17F07F523A77636003AA2A9 /* CacheItem.m */ = {isa = PBXFileReference; lastKnownFileType = sourcecode.c.objc; path = CacheItem.m; sourceTree = "<group>"; };
		D1A029C1238A6AB800326601 /* QMUIKit_Study.app */ = {isa = PBXFileReference; explicitFileType = wrapper.application; includeInIndex = 0; path = QMUIKit_Study.app; sourceTree = BUILT_PRODUCTS_DIR; };
		D1A029C4238A6AB800326601 /* AppDelegate.h */ = {isa = PBXFileReference; lastKnownFileType = sourcecode.c.h; path = AppDelegate.h; sourceTree = "<group>"; };
		D1A029C5238A6AB800326601 /* AppDelegate.m */ = {isa = PBXFileReference; lastKnownFileType = sourcecode.c.objc; path = AppDelegate.m; sourceTree = "<group>"; };
		D1A029C7238A6AB800326601 /* SceneDelegate.h */ = {isa = PBXFileReference; lastKnownFileType = sourcecode.c.h; path = SceneDelegate.h; sourceTree = "<group>"; };
		D1A029C8238A6AB800326601 /* SceneDelegate.m */ = {isa = PBXFileReference; lastKnownFileType = sourcecode.c.objc; path = SceneDelegate.m; sourceTree = "<group>"; };
		D1A029CA238A6AB800326601 /* ViewController.h */ = {isa = PBXFileReference; lastKnownFileType = sourcecode.c.h; path = ViewController.h; sourceTree = "<group>"; };
		D1A029CB238A6AB800326601 /* ViewController.m */ = {isa = PBXFileReference; lastKnownFileType = sourcecode.c.objc; path = ViewController.m; sourceTree = "<group>"; };
		D1A029CE238A6AB800326601 /* Base */ = {isa = PBXFileReference; lastKnownFileType = file.storyboard; name = Base; path = Base.lproj/Main.storyboard; sourceTree = "<group>"; };
		D1A029D0238A6ABC00326601 /* Assets.xcassets */ = {isa = PBXFileReference; lastKnownFileType = folder.assetcatalog; path = Assets.xcassets; sourceTree = "<group>"; };
		D1A029D3238A6ABC00326601 /* Base */ = {isa = PBXFileReference; lastKnownFileType = file.storyboard; name = Base; path = Base.lproj/LaunchScreen.storyboard; sourceTree = "<group>"; };
		D1A029D5238A6ABC00326601 /* Info.plist */ = {isa = PBXFileReference; lastKnownFileType = text.plist.xml; path = Info.plist; sourceTree = "<group>"; };
		D1A029D6238A6ABC00326601 /* main.m */ = {isa = PBXFileReference; lastKnownFileType = sourcecode.c.objc; path = main.m; sourceTree = "<group>"; };
		D1A029DC238A6ABC00326601 /* QMUIKit_StudyTests.xctest */ = {isa = PBXFileReference; explicitFileType = wrapper.cfbundle; includeInIndex = 0; path = QMUIKit_StudyTests.xctest; sourceTree = BUILT_PRODUCTS_DIR; };
		D1A029E0238A6ABC00326601 /* QMUIKit_StudyTests.m */ = {isa = PBXFileReference; lastKnownFileType = sourcecode.c.objc; path = QMUIKit_StudyTests.m; sourceTree = "<group>"; };
		D1A029E2238A6ABC00326601 /* Info.plist */ = {isa = PBXFileReference; lastKnownFileType = text.plist.xml; path = Info.plist; sourceTree = "<group>"; };
		D1A02A51238B6D1E00326601 /* NoHideController.h */ = {isa = PBXFileReference; lastKnownFileType = sourcecode.c.h; path = NoHideController.h; sourceTree = "<group>"; };
		D1A02A52238B6D1E00326601 /* NoHideController.m */ = {isa = PBXFileReference; lastKnownFileType = sourcecode.c.objc; path = NoHideController.m; sourceTree = "<group>"; };
		D1A02A55238B79FB00326601 /* PViewController.h */ = {isa = PBXFileReference; lastKnownFileType = sourcecode.c.h; path = PViewController.h; sourceTree = "<group>"; };
		D1A02A56238B79FB00326601 /* PViewController.m */ = {isa = PBXFileReference; lastKnownFileType = sourcecode.c.objc; path = PViewController.m; sourceTree = "<group>"; };
		D1A02A58238B7A1200326601 /* NHViewController.h */ = {isa = PBXFileReference; lastKnownFileType = sourcecode.c.h; path = NHViewController.h; sourceTree = "<group>"; };
		D1A02A59238B7A1200326601 /* NHViewController.m */ = {isa = PBXFileReference; lastKnownFileType = sourcecode.c.objc; path = NHViewController.m; sourceTree = "<group>"; };
		D1A02A5B238BA85300326601 /* QMUIConfigurationTemplateGrapefruit.h */ = {isa = PBXFileReference; fileEncoding = 4; lastKnownFileType = sourcecode.c.h; path = QMUIConfigurationTemplateGrapefruit.h; sourceTree = "<group>"; };
		D1A02A5C238BA85400326601 /* QMUIConfigurationTemplatePinkRose.h */ = {isa = PBXFileReference; fileEncoding = 4; lastKnownFileType = sourcecode.c.h; path = QMUIConfigurationTemplatePinkRose.h; sourceTree = "<group>"; };
		D1A02A5D238BA85400326601 /* QMUIConfigurationTemplateDark.h */ = {isa = PBXFileReference; fileEncoding = 4; lastKnownFileType = sourcecode.c.h; path = QMUIConfigurationTemplateDark.h; sourceTree = "<group>"; };
		D1A02A5E238BA85400326601 /* QMUIConfigurationTemplateGrass.m */ = {isa = PBXFileReference; fileEncoding = 4; lastKnownFileType = sourcecode.c.objc; path = QMUIConfigurationTemplateGrass.m; sourceTree = "<group>"; };
		D1A02A5F238BA85500326601 /* QMUIConfigurationTemplate.m */ = {isa = PBXFileReference; fileEncoding = 4; lastKnownFileType = sourcecode.c.objc; path = QMUIConfigurationTemplate.m; sourceTree = "<group>"; };
		D1A02A60238BA85500326601 /* QMUIConfigurationTemplateGrass.h */ = {isa = PBXFileReference; fileEncoding = 4; lastKnownFileType = sourcecode.c.h; path = QMUIConfigurationTemplateGrass.h; sourceTree = "<group>"; };
		D1A02A61238BA85500326601 /* QMUIConfigurationTemplatePinkRose.m */ = {isa = PBXFileReference; fileEncoding = 4; lastKnownFileType = sourcecode.c.objc; path = QMUIConfigurationTemplatePinkRose.m; sourceTree = "<group>"; };
		D1A02A62238BA85600326601 /* QMUIConfigurationTemplateGrapefruit.m */ = {isa = PBXFileReference; fileEncoding = 4; lastKnownFileType = sourcecode.c.objc; path = QMUIConfigurationTemplateGrapefruit.m; sourceTree = "<group>"; };
		D1A02A63238BA85600326601 /* QMUIConfigurationTemplateDark.m */ = {isa = PBXFileReference; fileEncoding = 4; lastKnownFileType = sourcecode.c.objc; path = QMUIConfigurationTemplateDark.m; sourceTree = "<group>"; };
		D1A02A64238BA85600326601 /* QMUIConfigurationTemplate.h */ = {isa = PBXFileReference; fileEncoding = 4; lastKnownFileType = sourcecode.c.h; path = QMUIConfigurationTemplate.h; sourceTree = "<group>"; };
		D1A02A6A238BA88300326601 /* QDThemeManager.h */ = {isa = PBXFileReference; fileEncoding = 4; lastKnownFileType = sourcecode.c.h; path = QDThemeManager.h; sourceTree = "<group>"; };
		D1A02A6B238BA88300326601 /* QDThemeManager.m */ = {isa = PBXFileReference; fileEncoding = 4; lastKnownFileType = sourcecode.c.objc; path = QDThemeManager.m; sourceTree = "<group>"; };
		D1A02A6C238BA88300326601 /* QDThemeProtocol.h */ = {isa = PBXFileReference; fileEncoding = 4; lastKnownFileType = sourcecode.c.h; path = QDThemeProtocol.h; sourceTree = "<group>"; };
		D1A02A6E238BA9E600326601 /* QDCommonUI.h */ = {isa = PBXFileReference; fileEncoding = 4; lastKnownFileType = sourcecode.c.h; path = QDCommonUI.h; sourceTree = "<group>"; };
		D1A02A6F238BA9E600326601 /* QDUIHelper.h */ = {isa = PBXFileReference; fileEncoding = 4; lastKnownFileType = sourcecode.c.h; path = QDUIHelper.h; sourceTree = "<group>"; };
		D1A02A70238BA9E600326601 /* QDUIHelper.m */ = {isa = PBXFileReference; fileEncoding = 4; lastKnownFileType = sourcecode.c.objc; path = QDUIHelper.m; sourceTree = "<group>"; };
		D1A02A71238BA9E700326601 /* QDCommonUI.m */ = {isa = PBXFileReference; fileEncoding = 4; lastKnownFileType = sourcecode.c.objc; path = QDCommonUI.m; sourceTree = "<group>"; };
		D1A02A72238BA9E700326601 /* UIImageEffects.m */ = {isa = PBXFileReference; fileEncoding = 4; lastKnownFileType = sourcecode.c.objc; path = UIImageEffects.m; sourceTree = "<group>"; };
		D1A02A73238BA9E700326601 /* UIImageEffects.h */ = {isa = PBXFileReference; fileEncoding = 4; lastKnownFileType = sourcecode.c.h; path = UIImageEffects.h; sourceTree = "<group>"; };
		D1A02A77238BAC3600326601 /* PrefixHeader.h */ = {isa = PBXFileReference; lastKnownFileType = sourcecode.c.h; path = PrefixHeader.h; sourceTree = "<group>"; };
		E46C825538DD4CD8FD989106 /* Pods_QMUIKit_Study.framework */ = {isa = PBXFileReference; explicitFileType = wrapper.framework; includeInIndex = 0; path = Pods_QMUIKit_Study.framework; sourceTree = BUILT_PRODUCTS_DIR; };
		EC5F2F44DB698527D9C1A3BC /* Pods-QMUIKit_Study.debug.xcconfig */ = {isa = PBXFileReference; includeInIndex = 1; lastKnownFileType = text.xcconfig; name = "Pods-QMUIKit_Study.debug.xcconfig"; path = "Target Support Files/Pods-QMUIKit_Study/Pods-QMUIKit_Study.debug.xcconfig"; sourceTree = "<group>"; };
/* End PBXFileReference section */

/* Begin PBXFrameworksBuildPhase section */
		D1A029BE238A6AB800326601 /* Frameworks */ = {
			isa = PBXFrameworksBuildPhase;
			buildActionMask = 2147483647;
			files = (
				3B65D2F97E2DA5CCAB4AB490 /* Pods_QMUIKit_Study.framework in Frameworks */,
			);
			runOnlyForDeploymentPostprocessing = 0;
		};
		D1A029D9238A6ABC00326601 /* Frameworks */ = {
			isa = PBXFrameworksBuildPhase;
			buildActionMask = 2147483647;
			files = (
				76284E767453AC502FF3748E /* Pods_QMUIKit_StudyTests.framework in Frameworks */,
			);
			runOnlyForDeploymentPostprocessing = 0;
		};
/* End PBXFrameworksBuildPhase section */

/* Begin PBXGroup section */
		922319B394F505351D048420 /* Pods */ = {
			isa = PBXGroup;
			children = (
				EC5F2F44DB698527D9C1A3BC /* Pods-QMUIKit_Study.debug.xcconfig */,
				BDBE8F86409FF9C8F57D0C1C /* Pods-QMUIKit_Study.release.xcconfig */,
				ABE3BD7D11F437A581E2A6F3 /* Pods-QMUIKit_StudyTests.debug.xcconfig */,
				32BA7B3981E489B9D01DDA24 /* Pods-QMUIKit_StudyTests.release.xcconfig */,
			);
			path = Pods;
			sourceTree = "<group>";
		};
		B3E401D4133343A256F4E0B2 /* Frameworks */ = {
			isa = PBXGroup;
			children = (
				E46C825538DD4CD8FD989106 /* Pods_QMUIKit_Study.framework */,
				72EF910E755272903AD5A23C /* Pods_QMUIKit_StudyTests.framework */,
			);
			name = Frameworks;
			sourceTree = "<group>";
		};
		D17F07E223A76E8B003AA2A9 /* theme */ = {
			isa = PBXGroup;
			children = (
				D1A02A6A238BA88300326601 /* QDThemeManager.h */,
				D1A02A6B238BA88300326601 /* QDThemeManager.m */,
				D1A02A6C238BA88300326601 /* QDThemeProtocol.h */,
				D1A02A64238BA85600326601 /* QMUIConfigurationTemplate.h */,
				D1A02A5F238BA85500326601 /* QMUIConfigurationTemplate.m */,
				D1A02A5D238BA85400326601 /* QMUIConfigurationTemplateDark.h */,
				D1A02A63238BA85600326601 /* QMUIConfigurationTemplateDark.m */,
				D1A02A5B238BA85300326601 /* QMUIConfigurationTemplateGrapefruit.h */,
				D1A02A62238BA85600326601 /* QMUIConfigurationTemplateGrapefruit.m */,
				D1A02A60238BA85500326601 /* QMUIConfigurationTemplateGrass.h */,
				D1A02A5E238BA85400326601 /* QMUIConfigurationTemplateGrass.m */,
				D1A02A5C238BA85400326601 /* QMUIConfigurationTemplatePinkRose.h */,
				D1A02A61238BA85500326601 /* QMUIConfigurationTemplatePinkRose.m */,
				D1A02A6E238BA9E600326601 /* QDCommonUI.h */,
				D1A02A71238BA9E700326601 /* QDCommonUI.m */,
				D1A02A6F238BA9E600326601 /* QDUIHelper.h */,
				D1A02A70238BA9E600326601 /* QDUIHelper.m */,
				D1A02A73238BA9E700326601 /* UIImageEffects.h */,
				D1A02A72238BA9E700326601 /* UIImageEffects.m */,
			);
			path = theme;
			sourceTree = "<group>";
		};
		D17F07E923A77112003AA2A9 /* cacheHeight */ = {
			isa = PBXGroup;
			children = (
				D17F07E623A770B5003AA2A9 /* CacheListController.h */,
				D17F07E723A770B5003AA2A9 /* CacheListController.m */,
				D17F07F423A77636003AA2A9 /* CacheItem.h */,
				D17F07F523A77636003AA2A9 /* CacheItem.m */,
				D17F07EA23A7713C003AA2A9 /* CacheCell1.h */,
				D17F07EB23A7713C003AA2A9 /* CacheCell1.m */,
				D17F07EC23A7713C003AA2A9 /* CacheCell1.xib */,
				D17F07EF23A7714C003AA2A9 /* CacheCell2.h */,
				D17F07F023A7714C003AA2A9 /* CacheCell2.m */,
				D17F07F123A7714C003AA2A9 /* CacheCell2.xib */,
			);
			path = cacheHeight;
			sourceTree = "<group>";
		};
		D1A029B8238A6AB800326601 = {
			isa = PBXGroup;
			children = (
				D1A029C3238A6AB800326601 /* QMUIKit_Study */,
				D1A029DF238A6ABC00326601 /* QMUIKit_StudyTests */,
				D1A029C2238A6AB800326601 /* Products */,
				922319B394F505351D048420 /* Pods */,
				B3E401D4133343A256F4E0B2 /* Frameworks */,
			);
			sourceTree = "<group>";
		};
		D1A029C2238A6AB800326601 /* Products */ = {
			isa = PBXGroup;
			children = (
				D1A029C1238A6AB800326601 /* QMUIKit_Study.app */,
				D1A029DC238A6ABC00326601 /* QMUIKit_StudyTests.xctest */,
			);
			name = Products;
			sourceTree = "<group>";
		};
		D1A029C3238A6AB800326601 /* QMUIKit_Study */ = {
			isa = PBXGroup;
			children = (
				D1A029C4238A6AB800326601 /* AppDelegate.h */,
				D1A029C5238A6AB800326601 /* AppDelegate.m */,
				D1A029C7238A6AB800326601 /* SceneDelegate.h */,
				D1A029C8238A6AB800326601 /* SceneDelegate.m */,
				D1A029CA238A6AB800326601 /* ViewController.h */,
				D1A029CB238A6AB800326601 /* ViewController.m */,
				D1A02A55238B79FB00326601 /* PViewController.h */,
				D1A02A56238B79FB00326601 /* PViewController.m */,
				D1A02A51238B6D1E00326601 /* NoHideController.h */,
				D1A02A52238B6D1E00326601 /* NoHideController.m */,
				D1A02A58238B7A1200326601 /* NHViewController.h */,
				D1A02A59238B7A1200326601 /* NHViewController.m */,
				D17F07E923A77112003AA2A9 /* cacheHeight */,
				D17F07E223A76E8B003AA2A9 /* theme */,
				D1A029CD238A6AB800326601 /* Main.storyboard */,
				D1A029D0238A6ABC00326601 /* Assets.xcassets */,
				D1A029D2238A6ABC00326601 /* LaunchScreen.storyboard */,
				D1A029D5238A6ABC00326601 /* Info.plist */,
				D1A029D6238A6ABC00326601 /* main.m */,
				D1A02A77238BAC3600326601 /* PrefixHeader.h */,
			);
			path = QMUIKit_Study;
			sourceTree = "<group>";
		};
		D1A029DF238A6ABC00326601 /* QMUIKit_StudyTests */ = {
			isa = PBXGroup;
			children = (
				D1A029E0238A6ABC00326601 /* QMUIKit_StudyTests.m */,
				D1A029E2238A6ABC00326601 /* Info.plist */,
			);
			path = QMUIKit_StudyTests;
			sourceTree = "<group>";
		};
/* End PBXGroup section */

/* Begin PBXNativeTarget section */
		D1A029C0238A6AB800326601 /* QMUIKit_Study */ = {
			isa = PBXNativeTarget;
			buildConfigurationList = D1A029E5238A6ABC00326601 /* Build configuration list for PBXNativeTarget "QMUIKit_Study" */;
			buildPhases = (
				50193FB54A54CB4D79705DC1 /* [CP] Check Pods Manifest.lock */,
				D1A029BD238A6AB800326601 /* Sources */,
				D1A029BE238A6AB800326601 /* Frameworks */,
				D1A029BF238A6AB800326601 /* Resources */,
				CFACEFB7095140E199174B70 /* [CP] Embed Pods Frameworks */,
			);
			buildRules = (
			);
			dependencies = (
			);
			name = QMUIKit_Study;
			productName = QMUIKit_Study;
			productReference = D1A029C1238A6AB800326601 /* QMUIKit_Study.app */;
			productType = "com.apple.product-type.application";
		};
		D1A029DB238A6ABC00326601 /* QMUIKit_StudyTests */ = {
			isa = PBXNativeTarget;
			buildConfigurationList = D1A029E8238A6ABC00326601 /* Build configuration list for PBXNativeTarget "QMUIKit_StudyTests" */;
			buildPhases = (
				ED3E86FB251AEFF76AB92D1C /* [CP] Check Pods Manifest.lock */,
				D1A029D8238A6ABC00326601 /* Sources */,
				D1A029D9238A6ABC00326601 /* Frameworks */,
				D1A029DA238A6ABC00326601 /* Resources */,
			);
			buildRules = (
			);
			dependencies = (
				D1A029DE238A6ABC00326601 /* PBXTargetDependency */,
			);
			name = QMUIKit_StudyTests;
			productName = QMUIKit_StudyTests;
			productReference = D1A029DC238A6ABC00326601 /* QMUIKit_StudyTests.xctest */;
			productType = "com.apple.product-type.bundle.unit-test";
		};
/* End PBXNativeTarget section */

/* Begin PBXProject section */
		D1A029B9238A6AB800326601 /* Project object */ = {
			isa = PBXProject;
			attributes = {
				LastUpgradeCheck = 1120;
				ORGANIZATIONNAME = zidonj;
				TargetAttributes = {
					D1A029C0238A6AB800326601 = {
						CreatedOnToolsVersion = 11.2.1;
					};
					D1A029DB238A6ABC00326601 = {
						CreatedOnToolsVersion = 11.2.1;
						TestTargetID = D1A029C0238A6AB800326601;
					};
				};
			};
			buildConfigurationList = D1A029BC238A6AB800326601 /* Build configuration list for PBXProject "QMUIKit_Study" */;
			compatibilityVersion = "Xcode 9.3";
			developmentRegion = en;
			hasScannedForEncodings = 0;
			knownRegions = (
				en,
				Base,
			);
			mainGroup = D1A029B8238A6AB800326601;
			productRefGroup = D1A029C2238A6AB800326601 /* Products */;
			projectDirPath = "";
			projectRoot = "";
			targets = (
				D1A029C0238A6AB800326601 /* QMUIKit_Study */,
				D1A029DB238A6ABC00326601 /* QMUIKit_StudyTests */,
			);
		};
/* End PBXProject section */

/* Begin PBXResourcesBuildPhase section */
		D1A029BF238A6AB800326601 /* Resources */ = {
			isa = PBXResourcesBuildPhase;
			buildActionMask = 2147483647;
			files = (
				D17F07EE23A7713C003AA2A9 /* CacheCell1.xib in Resources */,
				D1A029D4238A6ABC00326601 /* LaunchScreen.storyboard in Resources */,
				D17F07F323A7714C003AA2A9 /* CacheCell2.xib in Resources */,
				D1A029D1238A6ABC00326601 /* Assets.xcassets in Resources */,
				D1A029CF238A6AB800326601 /* Main.storyboard in Resources */,
			);
			runOnlyForDeploymentPostprocessing = 0;
		};
		D1A029DA238A6ABC00326601 /* Resources */ = {
			isa = PBXResourcesBuildPhase;
			buildActionMask = 2147483647;
			files = (
			);
			runOnlyForDeploymentPostprocessing = 0;
		};
/* End PBXResourcesBuildPhase section */

/* Begin PBXShellScriptBuildPhase section */
		50193FB54A54CB4D79705DC1 /* [CP] Check Pods Manifest.lock */ = {
			isa = PBXShellScriptBuildPhase;
			buildActionMask = 2147483647;
			files = (
			);
			inputFileListPaths = (
			);
			inputPaths = (
				"${PODS_PODFILE_DIR_PATH}/Podfile.lock",
				"${PODS_ROOT}/Manifest.lock",
			);
			name = "[CP] Check Pods Manifest.lock";
			outputFileListPaths = (
			);
			outputPaths = (
				"$(DERIVED_FILE_DIR)/Pods-QMUIKit_Study-checkManifestLockResult.txt",
			);
			runOnlyForDeploymentPostprocessing = 0;
			shellPath = /bin/sh;
			shellScript = "diff \"${PODS_PODFILE_DIR_PATH}/Podfile.lock\" \"${PODS_ROOT}/Manifest.lock\" > /dev/null\nif [ $? != 0 ] ; then\n    # print error to STDERR\n    echo \"error: The sandbox is not in sync with the Podfile.lock. Run 'pod install' or update your CocoaPods installation.\" >&2\n    exit 1\nfi\n# This output is used by Xcode 'outputs' to avoid re-running this script phase.\necho \"SUCCESS\" > \"${SCRIPT_OUTPUT_FILE_0}\"\n";
			showEnvVarsInLog = 0;
		};
		CFACEFB7095140E199174B70 /* [CP] Embed Pods Frameworks */ = {
			isa = PBXShellScriptBuildPhase;
			buildActionMask = 2147483647;
			files = (
			);
			inputFileListPaths = (
				"${PODS_ROOT}/Target Support Files/Pods-QMUIKit_Study/Pods-QMUIKit_Study-frameworks-${CONFIGURATION}-input-files.xcfilelist",
			);
			name = "[CP] Embed Pods Frameworks";
			outputFileListPaths = (
				"${PODS_ROOT}/Target Support Files/Pods-QMUIKit_Study/Pods-QMUIKit_Study-frameworks-${CONFIGURATION}-output-files.xcfilelist",
			);
			runOnlyForDeploymentPostprocessing = 0;
			shellPath = /bin/sh;
			shellScript = "\"${PODS_ROOT}/Target Support Files/Pods-QMUIKit_Study/Pods-QMUIKit_Study-frameworks.sh\"\n";
			showEnvVarsInLog = 0;
		};
		ED3E86FB251AEFF76AB92D1C /* [CP] Check Pods Manifest.lock */ = {
			isa = PBXShellScriptBuildPhase;
			buildActionMask = 2147483647;
			files = (
			);
			inputFileListPaths = (
			);
			inputPaths = (
				"${PODS_PODFILE_DIR_PATH}/Podfile.lock",
				"${PODS_ROOT}/Manifest.lock",
			);
			name = "[CP] Check Pods Manifest.lock";
			outputFileListPaths = (
			);
			outputPaths = (
				"$(DERIVED_FILE_DIR)/Pods-QMUIKit_StudyTests-checkManifestLockResult.txt",
			);
			runOnlyForDeploymentPostprocessing = 0;
			shellPath = /bin/sh;
			shellScript = "diff \"${PODS_PODFILE_DIR_PATH}/Podfile.lock\" \"${PODS_ROOT}/Manifest.lock\" > /dev/null\nif [ $? != 0 ] ; then\n    # print error to STDERR\n    echo \"error: The sandbox is not in sync with the Podfile.lock. Run 'pod install' or update your CocoaPods installation.\" >&2\n    exit 1\nfi\n# This output is used by Xcode 'outputs' to avoid re-running this script phase.\necho \"SUCCESS\" > \"${SCRIPT_OUTPUT_FILE_0}\"\n";
			showEnvVarsInLog = 0;
		};
/* End PBXShellScriptBuildPhase section */

/* Begin PBXSourcesBuildPhase section */
		D1A029BD238A6AB800326601 /* Sources */ = {
			isa = PBXSourcesBuildPhase;
			buildActionMask = 2147483647;
			files = (
				D1A02A53238B6D1E00326601 /* NoHideController.m in Sources */,
				D1A02A57238B79FB00326601 /* PViewController.m in Sources */,
				D17F07ED23A7713C003AA2A9 /* CacheCell1.m in Sources */,
				D1A02A5A238B7A1200326601 /* NHViewController.m in Sources */,
				D1A029CC238A6AB800326601 /* ViewController.m in Sources */,
				D1A02A69238BA85600326601 /* QMUIConfigurationTemplateDark.m in Sources */,
				D1A029C6238A6AB800326601 /* AppDelegate.m in Sources */,
				D1A029D7238A6ABC00326601 /* main.m in Sources */,
				D17F07E823A770B5003AA2A9 /* CacheListController.m in Sources */,
				D1A02A65238BA85600326601 /* QMUIConfigurationTemplateGrass.m in Sources */,
				D1A02A74238BA9E700326601 /* QDUIHelper.m in Sources */,
				D17F07F223A7714C003AA2A9 /* CacheCell2.m in Sources */,
				D1A02A67238BA85600326601 /* QMUIConfigurationTemplatePinkRose.m in Sources */,
				D17F07F623A77636003AA2A9 /* CacheItem.m in Sources */,
				D1A029C9238A6AB800326601 /* SceneDelegate.m in Sources */,
				D1A02A68238BA85600326601 /* QMUIConfigurationTemplateGrapefruit.m in Sources */,
				D1A02A76238BA9E700326601 /* UIImageEffects.m in Sources */,
				D1A02A6D238BA88400326601 /* QDThemeManager.m in Sources */,
				D1A02A66238BA85600326601 /* QMUIConfigurationTemplate.m in Sources */,
				D1A02A75238BA9E700326601 /* QDCommonUI.m in Sources */,
			);
			runOnlyForDeploymentPostprocessing = 0;
		};
		D1A029D8238A6ABC00326601 /* Sources */ = {
			isa = PBXSourcesBuildPhase;
			buildActionMask = 2147483647;
			files = (
				D1A029E1238A6ABC00326601 /* QMUIKit_StudyTests.m in Sources */,
			);
			runOnlyForDeploymentPostprocessing = 0;
		};
/* End PBXSourcesBuildPhase section */

/* Begin PBXTargetDependency section */
		D1A029DE238A6ABC00326601 /* PBXTargetDependency */ = {
			isa = PBXTargetDependency;
			target = D1A029C0238A6AB800326601 /* QMUIKit_Study */;
			targetProxy = D1A029DD238A6ABC00326601 /* PBXContainerItemProxy */;
		};
/* End PBXTargetDependency section */

/* Begin PBXVariantGroup section */
		D1A029CD238A6AB800326601 /* Main.storyboard */ = {
			isa = PBXVariantGroup;
			children = (
				D1A029CE238A6AB800326601 /* Base */,
			);
			name = Main.storyboard;
			sourceTree = "<group>";
		};
		D1A029D2238A6ABC00326601 /* LaunchScreen.storyboard */ = {
			isa = PBXVariantGroup;
			children = (
				D1A029D3238A6ABC00326601 /* Base */,
			);
			name = LaunchScreen.storyboard;
			sourceTree = "<group>";
		};
/* End PBXVariantGroup section */

/* Begin XCBuildConfiguration section */
		D1A029E3238A6ABC00326601 /* Debug */ = {
			isa = XCBuildConfiguration;
			buildSettings = {
				ALWAYS_SEARCH_USER_PATHS = NO;
				CLANG_ANALYZER_NONNULL = YES;
				CLANG_ANALYZER_NUMBER_OBJECT_CONVERSION = YES_AGGRESSIVE;
				CLANG_CXX_LANGUAGE_STANDARD = "gnu++14";
				CLANG_CXX_LIBRARY = "libc++";
				CLANG_ENABLE_MODULES = YES;
				CLANG_ENABLE_OBJC_ARC = YES;
				CLANG_ENABLE_OBJC_WEAK = YES;
				CLANG_WARN_BLOCK_CAPTURE_AUTORELEASING = YES;
				CLANG_WARN_BOOL_CONVERSION = YES;
				CLANG_WARN_COMMA = YES;
				CLANG_WARN_CONSTANT_CONVERSION = YES;
				CLANG_WARN_DEPRECATED_OBJC_IMPLEMENTATIONS = YES;
				CLANG_WARN_DIRECT_OBJC_ISA_USAGE = YES_ERROR;
				CLANG_WARN_DOCUMENTATION_COMMENTS = YES;
				CLANG_WARN_EMPTY_BODY = YES;
				CLANG_WARN_ENUM_CONVERSION = YES;
				CLANG_WARN_INFINITE_RECURSION = YES;
				CLANG_WARN_INT_CONVERSION = YES;
				CLANG_WARN_NON_LITERAL_NULL_CONVERSION = YES;
				CLANG_WARN_OBJC_IMPLICIT_RETAIN_SELF = YES;
				CLANG_WARN_OBJC_LITERAL_CONVERSION = YES;
				CLANG_WARN_OBJC_ROOT_CLASS = YES_ERROR;
				CLANG_WARN_RANGE_LOOP_ANALYSIS = YES;
				CLANG_WARN_STRICT_PROTOTYPES = YES;
				CLANG_WARN_SUSPICIOUS_MOVE = YES;
				CLANG_WARN_UNGUARDED_AVAILABILITY = YES_AGGRESSIVE;
				CLANG_WARN_UNREACHABLE_CODE = YES;
				CLANG_WARN__DUPLICATE_METHOD_MATCH = YES;
				COPY_PHASE_STRIP = NO;
				DEBUG_INFORMATION_FORMAT = dwarf;
				ENABLE_STRICT_OBJC_MSGSEND = YES;
				ENABLE_TESTABILITY = YES;
				GCC_C_LANGUAGE_STANDARD = gnu11;
				GCC_DYNAMIC_NO_PIC = NO;
				GCC_NO_COMMON_BLOCKS = YES;
				GCC_OPTIMIZATION_LEVEL = 0;
				GCC_PREPROCESSOR_DEFINITIONS = (
					"DEBUG=1",
					"$(inherited)",
				);
				GCC_WARN_64_TO_32_BIT_CONVERSION = YES;
				GCC_WARN_ABOUT_RETURN_TYPE = YES_ERROR;
				GCC_WARN_UNDECLARED_SELECTOR = YES;
				GCC_WARN_UNINITIALIZED_AUTOS = YES_AGGRESSIVE;
				GCC_WARN_UNUSED_FUNCTION = YES;
				GCC_WARN_UNUSED_VARIABLE = YES;
				IPHONEOS_DEPLOYMENT_TARGET = 13.2;
				MTL_ENABLE_DEBUG_INFO = INCLUDE_SOURCE;
				MTL_FAST_MATH = YES;
				ONLY_ACTIVE_ARCH = YES;
				SDKROOT = iphoneos;
			};
			name = Debug;
		};
		D1A029E4238A6ABC00326601 /* Release */ = {
			isa = XCBuildConfiguration;
			buildSettings = {
				ALWAYS_SEARCH_USER_PATHS = NO;
				CLANG_ANALYZER_NONNULL = YES;
				CLANG_ANALYZER_NUMBER_OBJECT_CONVERSION = YES_AGGRESSIVE;
				CLANG_CXX_LANGUAGE_STANDARD = "gnu++14";
				CLANG_CXX_LIBRARY = "libc++";
				CLANG_ENABLE_MODULES = YES;
				CLANG_ENABLE_OBJC_ARC = YES;
				CLANG_ENABLE_OBJC_WEAK = YES;
				CLANG_WARN_BLOCK_CAPTURE_AUTORELEASING = YES;
				CLANG_WARN_BOOL_CONVERSION = YES;
				CLANG_WARN_COMMA = YES;
				CLANG_WARN_CONSTANT_CONVERSION = YES;
				CLANG_WARN_DEPRECATED_OBJC_IMPLEMENTATIONS = YES;
				CLANG_WARN_DIRECT_OBJC_ISA_USAGE = YES_ERROR;
				CLANG_WARN_DOCUMENTATION_COMMENTS = YES;
				CLANG_WARN_EMPTY_BODY = YES;
				CLANG_WARN_ENUM_CONVERSION = YES;
				CLANG_WARN_INFINITE_RECURSION = YES;
				CLANG_WARN_INT_CONVERSION = YES;
				CLANG_WARN_NON_LITERAL_NULL_CONVERSION = YES;
				CLANG_WARN_OBJC_IMPLICIT_RETAIN_SELF = YES;
				CLANG_WARN_OBJC_LITERAL_CONVERSION = YES;
				CLANG_WARN_OBJC_ROOT_CLASS = YES_ERROR;
				CLANG_WARN_RANGE_LOOP_ANALYSIS = YES;
				CLANG_WARN_STRICT_PROTOTYPES = YES;
				CLANG_WARN_SUSPICIOUS_MOVE = YES;
				CLANG_WARN_UNGUARDED_AVAILABILITY = YES_AGGRESSIVE;
				CLANG_WARN_UNREACHABLE_CODE = YES;
				CLANG_WARN__DUPLICATE_METHOD_MATCH = YES;
				COPY_PHASE_STRIP = NO;
				DEBUG_INFORMATION_FORMAT = "dwarf-with-dsym";
				ENABLE_NS_ASSERTIONS = NO;
				ENABLE_STRICT_OBJC_MSGSEND = YES;
				GCC_C_LANGUAGE_STANDARD = gnu11;
				GCC_NO_COMMON_BLOCKS = YES;
				GCC_WARN_64_TO_32_BIT_CONVERSION = YES;
				GCC_WARN_ABOUT_RETURN_TYPE = YES_ERROR;
				GCC_WARN_UNDECLARED_SELECTOR = YES;
				GCC_WARN_UNINITIALIZED_AUTOS = YES_AGGRESSIVE;
				GCC_WARN_UNUSED_FUNCTION = YES;
				GCC_WARN_UNUSED_VARIABLE = YES;
				IPHONEOS_DEPLOYMENT_TARGET = 13.2;
				MTL_ENABLE_DEBUG_INFO = NO;
				MTL_FAST_MATH = YES;
				SDKROOT = iphoneos;
				VALIDATE_PRODUCT = YES;
			};
			name = Release;
		};
		D1A029E6238A6ABC00326601 /* Debug */ = {
			isa = XCBuildConfiguration;
			baseConfigurationReference = EC5F2F44DB698527D9C1A3BC /* Pods-QMUIKit_Study.debug.xcconfig */;
			buildSettings = {
				ASSETCATALOG_COMPILER_APPICON_NAME = AppIcon;
				CODE_SIGN_STYLE = Automatic;
				DEVELOPMENT_TEAM = 7A5L7FZ72C;
				GCC_PREFIX_HEADER = "/Users/zidonj/Documents/github/Git_OC/Objective-C/QMUIKit_Study/QMUIKit_Study/PrefixHeader.h";
				INFOPLIST_FILE = QMUIKit_Study/Info.plist;
				LD_RUNPATH_SEARCH_PATHS = (
					"$(inherited)",
					"@executable_path/Frameworks",
				);
				PRODUCT_BUNDLE_IDENTIFIER = "zidon.QMUIKit-Study";
				PRODUCT_NAME = "$(TARGET_NAME)";
				TARGETED_DEVICE_FAMILY = "1,2";
			};
			name = Debug;
		};
		D1A029E7238A6ABC00326601 /* Release */ = {
			isa = XCBuildConfiguration;
			baseConfigurationReference = BDBE8F86409FF9C8F57D0C1C /* Pods-QMUIKit_Study.release.xcconfig */;
			buildSettings = {
				ASSETCATALOG_COMPILER_APPICON_NAME = AppIcon;
				CODE_SIGN_STYLE = Automatic;
				DEVELOPMENT_TEAM = 7A5L7FZ72C;
				GCC_PREFIX_HEADER = "/Users/zidonj/Documents/github/Git_OC/Objective-C/QMUIKit_Study/QMUIKit_Study/PrefixHeader.h";
				INFOPLIST_FILE = QMUIKit_Study/Info.plist;
				LD_RUNPATH_SEARCH_PATHS = (
					"$(inherited)",
					"@executable_path/Frameworks",
				);
				PRODUCT_BUNDLE_IDENTIFIER = "zidon.QMUIKit-Study";
				PRODUCT_NAME = "$(TARGET_NAME)";
				TARGETED_DEVICE_FAMILY = "1,2";
			};
			name = Release;
		};
		D1A029E9238A6ABC00326601 /* Debug */ = {
			isa = XCBuildConfiguration;
			baseConfigurationReference = ABE3BD7D11F437A581E2A6F3 /* Pods-QMUIKit_StudyTests.debug.xcconfig */;
			buildSettings = {
				BUNDLE_LOADER = "$(TEST_HOST)";
				CODE_SIGN_STYLE = Automatic;
				DEVELOPMENT_TEAM = 7A5L7FZ72C;
				INFOPLIST_FILE = QMUIKit_StudyTests/Info.plist;
				IPHONEOS_DEPLOYMENT_TARGET = 13.2;
				LD_RUNPATH_SEARCH_PATHS = (
					"$(inherited)",
					"@executable_path/Frameworks",
					"@loader_path/Frameworks",
				);
				PRODUCT_BUNDLE_IDENTIFIER = "zidon.QMUIKit-StudyTests";
				PRODUCT_NAME = "$(TARGET_NAME)";
				TARGETED_DEVICE_FAMILY = "1,2";
				TEST_HOST = "$(BUILT_PRODUCTS_DIR)/QMUIKit_Study.app/QMUIKit_Study";
			};
			name = Debug;
		};
		D1A029EA238A6ABC00326601 /* Release */ = {
			isa = XCBuildConfiguration;
			baseConfigurationReference = 32BA7B3981E489B9D01DDA24 /* Pods-QMUIKit_StudyTests.release.xcconfig */;
			buildSettings = {
				BUNDLE_LOADER = "$(TEST_HOST)";
				CODE_SIGN_STYLE = Automatic;
				DEVELOPMENT_TEAM = 7A5L7FZ72C;
				INFOPLIST_FILE = QMUIKit_StudyTests/Info.plist;
				IPHONEOS_DEPLOYMENT_TARGET = 13.2;
				LD_RUNPATH_SEARCH_PATHS = (
					"$(inherited)",
					"@executable_path/Frameworks",
					"@loader_path/Frameworks",
				);
				PRODUCT_BUNDLE_IDENTIFIER = "zidon.QMUIKit-StudyTests";
				PRODUCT_NAME = "$(TARGET_NAME)";
				TARGETED_DEVICE_FAMILY = "1,2";
				TEST_HOST = "$(BUILT_PRODUCTS_DIR)/QMUIKit_Study.app/QMUIKit_Study";
			};
			name = Release;
		};
/* End XCBuildConfiguration section */

/* Begin XCConfigurationList section */
		D1A029BC238A6AB800326601 /* Build configuration list for PBXProject "QMUIKit_Study" */ = {
			isa = XCConfigurationList;
			buildConfigurations = (
				D1A029E3238A6ABC00326601 /* Debug */,
				D1A029E4238A6ABC00326601 /* Release */,
			);
			defaultConfigurationIsVisible = 0;
			defaultConfigurationName = Release;
		};
		D1A029E5238A6ABC00326601 /* Build configuration list for PBXNativeTarget "QMUIKit_Study" */ = {
			isa = XCConfigurationList;
			buildConfigurations = (
				D1A029E6238A6ABC00326601 /* Debug */,
				D1A029E7238A6ABC00326601 /* Release */,
			);
			defaultConfigurationIsVisible = 0;
			defaultConfigurationName = Release;
		};
		D1A029E8238A6ABC00326601 /* Build configuration list for PBXNativeTarget "QMUIKit_StudyTests" */ = {
			isa = XCConfigurationList;
			buildConfigurations = (
				D1A029E9238A6ABC00326601 /* Debug */,
				D1A029EA238A6ABC00326601 /* Release */,
			);
			defaultConfigurationIsVisible = 0;
			defaultConfigurationName = Release;
		};
/* End XCConfigurationList section */
	};
	rootObject = D1A029B9238A6AB800326601 /* Project object */;
}
