// !$*UTF8*$!
{
	archiveVersion = 1;
	classes = {
	};
	objectVersion = 46;
	objects = {

/* Begin PBXBuildFile section */
		726B4A411AA9A86500D909BC /* AppDelegate.swift in Sources */ = {isa = PBXBuildFile; fileRef = 726B4A401AA9A86500D909BC /* AppDelegate.swift */; };
		726B4A431AA9A86500D909BC /* ViewController.swift in Sources */ = {isa = PBXBuildFile; fileRef = 726B4A421AA9A86500D909BC /* ViewController.swift */; };
		726B4A461AA9A86500D909BC /* Main.storyboard in Resources */ = {isa = PBXBuildFile; fileRef = 726B4A441AA9A86500D909BC /* Main.storyboard */; };
		726B4A481AA9A86500D909BC /* Images.xcassets in Resources */ = {isa = PBXBuildFile; fileRef = 726B4A471AA9A86500D909BC /* Images.xcassets */; };
		726B4A4B1AA9A86500D909BC /* LaunchScreen.xib in Resources */ = {isa = PBXBuildFile; fileRef = 726B4A491AA9A86500D909BC /* LaunchScreen.xib */; };
		727EBA421F79E2E0001E4570 /* Controller+extension.swift in Sources */ = {isa = PBXBuildFile; fileRef = 727EBA411F79E2E0001E4570 /* Controller+extension.swift */; };
		72FC15D81AC13DF200A9FA7B /* FuncViewController.swift in Sources */ = {isa = PBXBuildFile; fileRef = 72FC15D71AC13DF200A9FA7B /* FuncViewController.swift */; };
		72FC15DA1AC16A6100A9FA7B /* KindAndObjectVC.swift in Sources */ = {isa = PBXBuildFile; fileRef = 72FC15D91AC16A6100A9FA7B /* KindAndObjectVC.swift */; };
		C36B05021AFB0CD100D9E29E /* BlockViewController.swift in Sources */ = {isa = PBXBuildFile; fileRef = C36B05011AFB0CD100D9E29E /* BlockViewController.swift */; };
		C36B05071AFB4C8800D9E29E /* KvcAndKvoViewController.swift in Sources */ = {isa = PBXBuildFile; fileRef = C36B05061AFB4C8800D9E29E /* KvcAndKvoViewController.swift */; };
		C36B05091AFB4CA900D9E29E /* KvcItem.swift in Sources */ = {isa = PBXBuildFile; fileRef = C36B05081AFB4CA900D9E29E /* KvcItem.swift */; };
/* End PBXBuildFile section */

/* Begin PBXFileReference section */
		726B4A3B1AA9A86500D909BC /* MySwifProject.app */ = {isa = PBXFileReference; explicitFileType = wrapper.application; includeInIndex = 0; path = MySwifProject.app; sourceTree = BUILT_PRODUCTS_DIR; };
		726B4A3F1AA9A86500D909BC /* Info.plist */ = {isa = PBXFileReference; lastKnownFileType = text.plist.xml; path = Info.plist; sourceTree = "<group>"; };
		726B4A401AA9A86500D909BC /* AppDelegate.swift */ = {isa = PBXFileReference; lastKnownFileType = sourcecode.swift; path = AppDelegate.swift; sourceTree = "<group>"; };
		726B4A421AA9A86500D909BC /* ViewController.swift */ = {isa = PBXFileReference; lastKnownFileType = sourcecode.swift; path = ViewController.swift; sourceTree = "<group>"; };
		726B4A451AA9A86500D909BC /* Base */ = {isa = PBXFileReference; lastKnownFileType = file.storyboard; name = Base; path = Base.lproj/Main.storyboard; sourceTree = "<group>"; };
		726B4A471AA9A86500D909BC /* Images.xcassets */ = {isa = PBXFileReference; lastKnownFileType = folder.assetcatalog; path = Images.xcassets; sourceTree = "<group>"; };
		726B4A4A1AA9A86500D909BC /* Base */ = {isa = PBXFileReference; lastKnownFileType = file.xib; name = Base; path = Base.lproj/LaunchScreen.xib; sourceTree = "<group>"; };
		726B4A551AA9A86500D909BC /* Info.plist */ = {isa = PBXFileReference; lastKnownFileType = text.plist.xml; path = Info.plist; sourceTree = "<group>"; };
		726B4A561AA9A86500D909BC /* MySwifProjectTests.swift */ = {isa = PBXFileReference; lastKnownFileType = sourcecode.swift; path = MySwifProjectTests.swift; sourceTree = "<group>"; };
		727EBA411F79E2E0001E4570 /* Controller+extension.swift */ = {isa = PBXFileReference; lastKnownFileType = sourcecode.swift; path = "Controller+extension.swift"; sourceTree = "<group>"; };
		72FC15D71AC13DF200A9FA7B /* FuncViewController.swift */ = {isa = PBXFileReference; fileEncoding = 4; lastKnownFileType = sourcecode.swift; path = FuncViewController.swift; sourceTree = "<group>"; };
		72FC15D91AC16A6100A9FA7B /* KindAndObjectVC.swift */ = {isa = PBXFileReference; fileEncoding = 4; lastKnownFileType = sourcecode.swift; path = KindAndObjectVC.swift; sourceTree = "<group>"; };
		C36B05011AFB0CD100D9E29E /* BlockViewController.swift */ = {isa = PBXFileReference; fileEncoding = 4; lastKnownFileType = sourcecode.swift; path = BlockViewController.swift; sourceTree = "<group>"; };
		C36B05061AFB4C8800D9E29E /* KvcAndKvoViewController.swift */ = {isa = PBXFileReference; fileEncoding = 4; lastKnownFileType = sourcecode.swift; path = KvcAndKvoViewController.swift; sourceTree = "<group>"; };
		C36B05081AFB4CA900D9E29E /* KvcItem.swift */ = {isa = PBXFileReference; fileEncoding = 4; lastKnownFileType = sourcecode.swift; path = KvcItem.swift; sourceTree = "<group>"; };
/* End PBXFileReference section */

/* Begin PBXFrameworksBuildPhase section */
		726B4A381AA9A86500D909BC /* Frameworks */ = {
			isa = PBXFrameworksBuildPhase;
			buildActionMask = 2147483647;
			files = (
			);
			runOnlyForDeploymentPostprocessing = 0;
		};
/* End PBXFrameworksBuildPhase section */

/* Begin PBXGroup section */
		726B4A321AA9A86500D909BC = {
			isa = PBXGroup;
			children = (
				726B4A3D1AA9A86500D909BC /* MySwifProject */,
				726B4A531AA9A86500D909BC /* MySwifProjectTests */,
				726B4A3C1AA9A86500D909BC /* Products */,
			);
			sourceTree = "<group>";
		};
		726B4A3C1AA9A86500D909BC /* Products */ = {
			isa = PBXGroup;
			children = (
				726B4A3B1AA9A86500D909BC /* MySwifProject.app */,
			);
			name = Products;
			sourceTree = "<group>";
		};
		726B4A3D1AA9A86500D909BC /* MySwifProject */ = {
			isa = PBXGroup;
			children = (
				726B4A401AA9A86500D909BC /* AppDelegate.swift */,
				726B4A421AA9A86500D909BC /* ViewController.swift */,
				72FC15D71AC13DF200A9FA7B /* FuncViewController.swift */,
				72FC15D91AC16A6100A9FA7B /* KindAndObjectVC.swift */,
				C36B05011AFB0CD100D9E29E /* BlockViewController.swift */,
				C36B05061AFB4C8800D9E29E /* KvcAndKvoViewController.swift */,
				C36B05081AFB4CA900D9E29E /* KvcItem.swift */,
				727EBA411F79E2E0001E4570 /* Controller+extension.swift */,
				726B4A441AA9A86500D909BC /* Main.storyboard */,
				726B4A471AA9A86500D909BC /* Images.xcassets */,
				726B4A491AA9A86500D909BC /* LaunchScreen.xib */,
				726B4A3E1AA9A86500D909BC /* Supporting Files */,
			);
			path = MySwifProject;
			sourceTree = "<group>";
		};
		726B4A3E1AA9A86500D909BC /* Supporting Files */ = {
			isa = PBXGroup;
			children = (
				726B4A3F1AA9A86500D909BC /* Info.plist */,
			);
			name = "Supporting Files";
			sourceTree = "<group>";
		};
		726B4A531AA9A86500D909BC /* MySwifProjectTests */ = {
			isa = PBXGroup;
			children = (
				726B4A561AA9A86500D909BC /* MySwifProjectTests.swift */,
				726B4A541AA9A86500D909BC /* Supporting Files */,
			);
			path = MySwifProjectTests;
			sourceTree = "<group>";
		};
		726B4A541AA9A86500D909BC /* Supporting Files */ = {
			isa = PBXGroup;
			children = (
				726B4A551AA9A86500D909BC /* Info.plist */,
			);
			name = "Supporting Files";
			sourceTree = "<group>";
		};
/* End PBXGroup section */

/* Begin PBXNativeTarget section */
		726B4A3A1AA9A86500D909BC /* MySwifProject */ = {
			isa = PBXNativeTarget;
			buildConfigurationList = 726B4A5A1AA9A86500D909BC /* Build configuration list for PBXNativeTarget "MySwifProject" */;
			buildPhases = (
				726B4A371AA9A86500D909BC /* Sources */,
				726B4A381AA9A86500D909BC /* Frameworks */,
				726B4A391AA9A86500D909BC /* Resources */,
			);
			buildRules = (
			);
			dependencies = (
			);
			name = MySwifProject;
			productName = MySwifProject;
			productReference = 726B4A3B1AA9A86500D909BC /* MySwifProject.app */;
			productType = "com.apple.product-type.application";
		};
/* End PBXNativeTarget section */

/* Begin PBXProject section */
		726B4A331AA9A86500D909BC /* Project object */ = {
			isa = PBXProject;
			attributes = {
				LastSwiftUpdateCheck = 0710;
				LastUpgradeCheck = 0810;
				ORGANIZATIONNAME = "姜泽东";
				TargetAttributes = {
					726B4A3A1AA9A86500D909BC = {
						CreatedOnToolsVersion = 6.1.1;
						LastSwiftMigration = 0800;
					};
				};
			};
			buildConfigurationList = 726B4A361AA9A86500D909BC /* Build configuration list for PBXProject "MySwifProject" */;
			compatibilityVersion = "Xcode 3.2";
			developmentRegion = English;
			hasScannedForEncodings = 0;
			knownRegions = (
				en,
				Base,
			);
			mainGroup = 726B4A321AA9A86500D909BC;
			productRefGroup = 726B4A3C1AA9A86500D909BC /* Products */;
			projectDirPath = "";
			projectRoot = "";
			targets = (
				726B4A3A1AA9A86500D909BC /* MySwifProject */,
			);
		};
/* End PBXProject section */

/* Begin PBXResourcesBuildPhase section */
		726B4A391AA9A86500D909BC /* Resources */ = {
			isa = PBXResourcesBuildPhase;
			buildActionMask = 2147483647;
			files = (
				726B4A461AA9A86500D909BC /* Main.storyboard in Resources */,
				726B4A4B1AA9A86500D909BC /* LaunchScreen.xib in Resources */,
				726B4A481AA9A86500D909BC /* Images.xcassets in Resources */,
			);
			runOnlyForDeploymentPostprocessing = 0;
		};
/* End PBXResourcesBuildPhase section */

/* Begin PBXSourcesBuildPhase section */
		726B4A371AA9A86500D909BC /* Sources */ = {
			isa = PBXSourcesBuildPhase;
			buildActionMask = 2147483647;
			files = (
				726B4A431AA9A86500D909BC /* ViewController.swift in Sources */,
				727EBA421F79E2E0001E4570 /* Controller+extension.swift in Sources */,
				C36B05021AFB0CD100D9E29E /* BlockViewController.swift in Sources */,
				C36B05071AFB4C8800D9E29E /* KvcAndKvoViewController.swift in Sources */,
				72FC15DA1AC16A6100A9FA7B /* KindAndObjectVC.swift in Sources */,
				72FC15D81AC13DF200A9FA7B /* FuncViewController.swift in Sources */,
				C36B05091AFB4CA900D9E29E /* KvcItem.swift in Sources */,
				726B4A411AA9A86500D909BC /* AppDelegate.swift in Sources */,
			);
			runOnlyForDeploymentPostprocessing = 0;
		};
/* End PBXSourcesBuildPhase section */

/* Begin PBXVariantGroup section */
		726B4A441AA9A86500D909BC /* Main.storyboard */ = {
			isa = PBXVariantGroup;
			children = (
				726B4A451AA9A86500D909BC /* Base */,
			);
			name = Main.storyboard;
			sourceTree = "<group>";
		};
		726B4A491AA9A86500D909BC /* LaunchScreen.xib */ = {
			isa = PBXVariantGroup;
			children = (
				726B4A4A1AA9A86500D909BC /* Base */,
			);
			name = LaunchScreen.xib;
			sourceTree = "<group>";
		};
/* End PBXVariantGroup section */

/* Begin XCBuildConfiguration section */
		726B4A581AA9A86500D909BC /* Debug */ = {
			isa = XCBuildConfiguration;
			buildSettings = {
				ALWAYS_SEARCH_USER_PATHS = NO;
				CLANG_CXX_LANGUAGE_STANDARD = "gnu++0x";
				CLANG_CXX_LIBRARY = "libc++";
				CLANG_ENABLE_MODULES = YES;
				CLANG_ENABLE_OBJC_ARC = YES;
				CLANG_WARN_BOOL_CONVERSION = YES;
				CLANG_WARN_CONSTANT_CONVERSION = YES;
				CLANG_WARN_DIRECT_OBJC_ISA_USAGE = YES_ERROR;
				CLANG_WARN_EMPTY_BODY = YES;
				CLANG_WARN_ENUM_CONVERSION = YES;
				CLANG_WARN_INFINITE_RECURSION = YES;
				CLANG_WARN_INT_CONVERSION = YES;
				CLANG_WARN_OBJC_ROOT_CLASS = YES_ERROR;
				CLANG_WARN_SUSPICIOUS_MOVE = YES;
				CLANG_WARN_UNREACHABLE_CODE = YES;
				CLANG_WARN__DUPLICATE_METHOD_MATCH = YES;
				"CODE_SIGN_IDENTITY[sdk=iphoneos*]" = "iPhone Developer";
				COPY_PHASE_STRIP = NO;
				ENABLE_STRICT_OBJC_MSGSEND = YES;
				ENABLE_TESTABILITY = YES;
				GCC_C_LANGUAGE_STANDARD = gnu99;
				GCC_DYNAMIC_NO_PIC = NO;
				GCC_NO_COMMON_BLOCKS = YES;
				GCC_OPTIMIZATION_LEVEL = 0;
				GCC_PREPROCESSOR_DEFINITIONS = (
					"DEBUG=1",
					"$(inherited)",
				);
				GCC_SYMBOLS_PRIVATE_EXTERN = NO;
				GCC_WARN_64_TO_32_BIT_CONVERSION = YES;
				GCC_WARN_ABOUT_RETURN_TYPE = YES_ERROR;
				GCC_WARN_UNDECLARED_SELECTOR = YES;
				GCC_WARN_UNINITIALIZED_AUTOS = YES_AGGRESSIVE;
				GCC_WARN_UNUSED_FUNCTION = YES;
				GCC_WARN_UNUSED_VARIABLE = YES;
				IPHONEOS_DEPLOYMENT_TARGET = 9.1;
				MTL_ENABLE_DEBUG_INFO = YES;
				ONLY_ACTIVE_ARCH = YES;
				SDKROOT = iphoneos;
				SWIFT_OPTIMIZATION_LEVEL = "-Onone";
			};
			name = Debug;
		};
		726B4A591AA9A86500D909BC /* Release */ = {
			isa = XCBuildConfiguration;
			buildSettings = {
				ALWAYS_SEARCH_USER_PATHS = NO;
				CLANG_CXX_LANGUAGE_STANDARD = "gnu++0x";
				CLANG_CXX_LIBRARY = "libc++";
				CLANG_ENABLE_MODULES = YES;
				CLANG_ENABLE_OBJC_ARC = YES;
				CLANG_WARN_BOOL_CONVERSION = YES;
				CLANG_WARN_CONSTANT_CONVERSION = YES;
				CLANG_WARN_DIRECT_OBJC_ISA_USAGE = YES_ERROR;
				CLANG_WARN_EMPTY_BODY = YES;
				CLANG_WARN_ENUM_CONVERSION = YES;
				CLANG_WARN_INFINITE_RECURSION = YES;
				CLANG_WARN_INT_CONVERSION = YES;
				CLANG_WARN_OBJC_ROOT_CLASS = YES_ERROR;
				CLANG_WARN_SUSPICIOUS_MOVE = YES;
				CLANG_WARN_UNREACHABLE_CODE = YES;
				CLANG_WARN__DUPLICATE_METHOD_MATCH = YES;
				"CODE_SIGN_IDENTITY[sdk=iphoneos*]" = "iPhone Developer";
				COPY_PHASE_STRIP = YES;
				ENABLE_NS_ASSERTIONS = NO;
				ENABLE_STRICT_OBJC_MSGSEND = YES;
				GCC_C_LANGUAGE_STANDARD = gnu99;
				GCC_NO_COMMON_BLOCKS = YES;
				GCC_WARN_64_TO_32_BIT_CONVERSION = YES;
				GCC_WARN_ABOUT_RETURN_TYPE = YES_ERROR;
				GCC_WARN_UNDECLARED_SELECTOR = YES;
				GCC_WARN_UNINITIALIZED_AUTOS = YES_AGGRESSIVE;
				GCC_WARN_UNUSED_FUNCTION = YES;
				GCC_WARN_UNUSED_VARIABLE = YES;
				IPHONEOS_DEPLOYMENT_TARGET = 9.1;
				MTL_ENABLE_DEBUG_INFO = NO;
				SDKROOT = iphoneos;
				VALIDATE_PRODUCT = YES;
			};
			name = Release;
		};
		726B4A5B1AA9A86500D909BC /* Debug */ = {
			isa = XCBuildConfiguration;
			buildSettings = {
				ASSETCATALOG_COMPILER_APPICON_NAME = AppIcon;
				INFOPLIST_FILE = MySwifProject/Info.plist;
				IPHONEOS_DEPLOYMENT_TARGET = 9.0;
				LD_RUNPATH_SEARCH_PATHS = "$(inherited) @executable_path/Frameworks";
				PRODUCT_BUNDLE_IDENTIFIER = "Zidon.$(PRODUCT_NAME:rfc1034identifier)";
				PRODUCT_NAME = "$(TARGET_NAME)";
				SWIFT_VERSION = 3.0;
			};
			name = Debug;
		};
		726B4A5C1AA9A86500D909BC /* Release */ = {
			isa = XCBuildConfiguration;
			buildSettings = {
				ASSETCATALOG_COMPILER_APPICON_NAME = AppIcon;
				INFOPLIST_FILE = MySwifProject/Info.plist;
				IPHONEOS_DEPLOYMENT_TARGET = 9.0;
				LD_RUNPATH_SEARCH_PATHS = "$(inherited) @executable_path/Frameworks";
				PRODUCT_BUNDLE_IDENTIFIER = "Zidon.$(PRODUCT_NAME:rfc1034identifier)";
				PRODUCT_NAME = "$(TARGET_NAME)";
				SWIFT_OPTIMIZATION_LEVEL = "-Owholemodule";
				SWIFT_VERSION = 3.0;
			};
			name = Release;
		};
/* End XCBuildConfiguration section */

/* Begin XCConfigurationList section */
		726B4A361AA9A86500D909BC /* Build configuration list for PBXProject "MySwifProject" */ = {
			isa = XCConfigurationList;
			buildConfigurations = (
				726B4A581AA9A86500D909BC /* Debug */,
				726B4A591AA9A86500D909BC /* Release */,
			);
			defaultConfigurationIsVisible = 0;
			defaultConfigurationName = Release;
		};
		726B4A5A1AA9A86500D909BC /* Build configuration list for PBXNativeTarget "MySwifProject" */ = {
			isa = XCConfigurationList;
			buildConfigurations = (
				726B4A5B1AA9A86500D909BC /* Debug */,
				726B4A5C1AA9A86500D909BC /* Release */,
			);
			defaultConfigurationIsVisible = 0;
			defaultConfigurationName = Release;
		};
/* End XCConfigurationList section */
	};
	rootObject = 726B4A331AA9A86500D909BC /* Project object */;
}
