// !$*UTF8*$!
{
	archiveVersion = 1;
	classes = {
	};
	objectVersion = 46;
	objects = {

/* Begin PBXBuildFile section */
		6BD235DFB6254D3CA949B53C /* Pods_Test___.framework in Frameworks */ = {isa = PBXBuildFile; fileRef = 2F387E5505E7735226A0D780 /* Pods_Test___.framework */; };
		D127E7161E8113CE005CAF23 /* LoopScrollView.swift in Sources */ = {isa = PBXBuildFile; fileRef = D127E7151E8113CE005CAF23 /* LoopScrollView.swift */; };
		D17346071E77D80C00BE1A80 /* AppDelegate.swift in Sources */ = {isa = PBXBuildFile; fileRef = D17346061E77D80C00BE1A80 /* AppDelegate.swift */; };
		D17346091E77D80C00BE1A80 /* ViewController.swift in Sources */ = {isa = PBXBuildFile; fileRef = D17346081E77D80C00BE1A80 /* ViewController.swift */; };
		D173460C1E77D80C00BE1A80 /* Main.storyboard in Resources */ = {isa = PBXBuildFile; fileRef = D173460A1E77D80C00BE1A80 /* Main.storyboard */; };
		D173460E1E77D80C00BE1A80 /* Assets.xcassets in Resources */ = {isa = PBXBuildFile; fileRef = D173460D1E77D80C00BE1A80 /* Assets.xcassets */; };
		D17346111E77D80C00BE1A80 /* LaunchScreen.storyboard in Resources */ = {isa = PBXBuildFile; fileRef = D173460F1E77D80C00BE1A80 /* LaunchScreen.storyboard */; };
/* End PBXBuildFile section */

/* Begin PBXFileReference section */
		2F387E5505E7735226A0D780 /* Pods_Test___.framework */ = {isa = PBXFileReference; explicitFileType = wrapper.framework; includeInIndex = 0; path = Pods_Test___.framework; sourceTree = BUILT_PRODUCTS_DIR; };
		41FAF21638880775F7F9716B /* Pods-Test轮播图.debug.xcconfig */ = {isa = PBXFileReference; includeInIndex = 1; lastKnownFileType = text.xcconfig; name = "Pods-Test轮播图.debug.xcconfig"; path = "Pods/Target Support Files/Pods-Test轮播图/Pods-Test轮播图.debug.xcconfig"; sourceTree = "<group>"; };
		D127E7151E8113CE005CAF23 /* LoopScrollView.swift */ = {isa = PBXFileReference; fileEncoding = 4; lastKnownFileType = sourcecode.swift; path = LoopScrollView.swift; sourceTree = "<group>"; };
		D17346031E77D80C00BE1A80 /* Test轮播图.app */ = {isa = PBXFileReference; explicitFileType = wrapper.application; includeInIndex = 0; path = "Test轮播图.app"; sourceTree = BUILT_PRODUCTS_DIR; };
		D17346061E77D80C00BE1A80 /* AppDelegate.swift */ = {isa = PBXFileReference; lastKnownFileType = sourcecode.swift; path = AppDelegate.swift; sourceTree = "<group>"; };
		D17346081E77D80C00BE1A80 /* ViewController.swift */ = {isa = PBXFileReference; lastKnownFileType = sourcecode.swift; path = ViewController.swift; sourceTree = "<group>"; };
		D173460B1E77D80C00BE1A80 /* Base */ = {isa = PBXFileReference; lastKnownFileType = file.storyboard; name = Base; path = Base.lproj/Main.storyboard; sourceTree = "<group>"; };
		D173460D1E77D80C00BE1A80 /* Assets.xcassets */ = {isa = PBXFileReference; lastKnownFileType = folder.assetcatalog; path = Assets.xcassets; sourceTree = "<group>"; };
		D17346101E77D80C00BE1A80 /* Base */ = {isa = PBXFileReference; lastKnownFileType = file.storyboard; name = Base; path = Base.lproj/LaunchScreen.storyboard; sourceTree = "<group>"; };
		D17346121E77D80C00BE1A80 /* Info.plist */ = {isa = PBXFileReference; lastKnownFileType = text.plist.xml; path = Info.plist; sourceTree = "<group>"; };
		D2DB2E6C312C6BC04BB5A975 /* Pods-Test轮播图.release.xcconfig */ = {isa = PBXFileReference; includeInIndex = 1; lastKnownFileType = text.xcconfig; name = "Pods-Test轮播图.release.xcconfig"; path = "Pods/Target Support Files/Pods-Test轮播图/Pods-Test轮播图.release.xcconfig"; sourceTree = "<group>"; };
/* End PBXFileReference section */

/* Begin PBXFrameworksBuildPhase section */
		D17346001E77D80C00BE1A80 /* Frameworks */ = {
			isa = PBXFrameworksBuildPhase;
			buildActionMask = 2147483647;
			files = (
				6BD235DFB6254D3CA949B53C /* Pods_Test___.framework in Frameworks */,
			);
			runOnlyForDeploymentPostprocessing = 0;
		};
/* End PBXFrameworksBuildPhase section */

/* Begin PBXGroup section */
		3C37E1F7FE2EFD3CB5FDEB81 /* Frameworks */ = {
			isa = PBXGroup;
			children = (
				2F387E5505E7735226A0D780 /* Pods_Test___.framework */,
			);
			name = Frameworks;
			sourceTree = "<group>";
		};
		CD42D9DD204E882BBE2106FB /* Pods */ = {
			isa = PBXGroup;
			children = (
				41FAF21638880775F7F9716B /* Pods-Test轮播图.debug.xcconfig */,
				D2DB2E6C312C6BC04BB5A975 /* Pods-Test轮播图.release.xcconfig */,
			);
			name = Pods;
			sourceTree = "<group>";
		};
		D17345FA1E77D80C00BE1A80 = {
			isa = PBXGroup;
			children = (
				D17346051E77D80C00BE1A80 /* Test轮播图 */,
				D17346041E77D80C00BE1A80 /* Products */,
				CD42D9DD204E882BBE2106FB /* Pods */,
				3C37E1F7FE2EFD3CB5FDEB81 /* Frameworks */,
			);
			sourceTree = "<group>";
		};
		D17346041E77D80C00BE1A80 /* Products */ = {
			isa = PBXGroup;
			children = (
				D17346031E77D80C00BE1A80 /* Test轮播图.app */,
			);
			name = Products;
			sourceTree = "<group>";
		};
		D17346051E77D80C00BE1A80 /* Test轮播图 */ = {
			isa = PBXGroup;
			children = (
				D17346061E77D80C00BE1A80 /* AppDelegate.swift */,
				D17346081E77D80C00BE1A80 /* ViewController.swift */,
				D127E7151E8113CE005CAF23 /* LoopScrollView.swift */,
				D173460A1E77D80C00BE1A80 /* Main.storyboard */,
				D173460D1E77D80C00BE1A80 /* Assets.xcassets */,
				D173460F1E77D80C00BE1A80 /* LaunchScreen.storyboard */,
				D17346121E77D80C00BE1A80 /* Info.plist */,
			);
			path = "Test轮播图";
			sourceTree = "<group>";
		};
/* End PBXGroup section */

/* Begin PBXNativeTarget section */
		D17346021E77D80C00BE1A80 /* Test轮播图 */ = {
			isa = PBXNativeTarget;
			buildConfigurationList = D17346151E77D80C00BE1A80 /* Build configuration list for PBXNativeTarget "Test轮播图" */;
			buildPhases = (
				B7C2FBC9410FE3F12A26D88C /* [CP] Check Pods Manifest.lock */,
				D17345FF1E77D80C00BE1A80 /* Sources */,
				D17346001E77D80C00BE1A80 /* Frameworks */,
				D17346011E77D80C00BE1A80 /* Resources */,
				6E3C4BDFEA976019D879BBBA /* [CP] Embed Pods Frameworks */,
				9E2A371DDF6EC4506CDD74EF /* [CP] Copy Pods Resources */,
			);
			buildRules = (
			);
			dependencies = (
			);
			name = "Test轮播图";
			productName = "Test轮播图";
			productReference = D17346031E77D80C00BE1A80 /* Test轮播图.app */;
			productType = "com.apple.product-type.application";
		};
/* End PBXNativeTarget section */

/* Begin PBXProject section */
		D17345FB1E77D80C00BE1A80 /* Project object */ = {
			isa = PBXProject;
			attributes = {
				LastSwiftUpdateCheck = 0820;
				LastUpgradeCheck = 0820;
				ORGANIZATIONNAME = zidon;
				TargetAttributes = {
					D17346021E77D80C00BE1A80 = {
						CreatedOnToolsVersion = 8.2.1;
						DevelopmentTeam = ET3Y989RPW;
						ProvisioningStyle = Automatic;
					};
				};
			};
			buildConfigurationList = D17345FE1E77D80C00BE1A80 /* Build configuration list for PBXProject "Test轮播图" */;
			compatibilityVersion = "Xcode 3.2";
			developmentRegion = English;
			hasScannedForEncodings = 0;
			knownRegions = (
				en,
				Base,
			);
			mainGroup = D17345FA1E77D80C00BE1A80;
			productRefGroup = D17346041E77D80C00BE1A80 /* Products */;
			projectDirPath = "";
			projectRoot = "";
			targets = (
				D17346021E77D80C00BE1A80 /* Test轮播图 */,
			);
		};
/* End PBXProject section */

/* Begin PBXResourcesBuildPhase section */
		D17346011E77D80C00BE1A80 /* Resources */ = {
			isa = PBXResourcesBuildPhase;
			buildActionMask = 2147483647;
			files = (
				D17346111E77D80C00BE1A80 /* LaunchScreen.storyboard in Resources */,
				D173460E1E77D80C00BE1A80 /* Assets.xcassets in Resources */,
				D173460C1E77D80C00BE1A80 /* Main.storyboard in Resources */,
			);
			runOnlyForDeploymentPostprocessing = 0;
		};
/* End PBXResourcesBuildPhase section */

/* Begin PBXShellScriptBuildPhase section */
		6E3C4BDFEA976019D879BBBA /* [CP] Embed Pods Frameworks */ = {
			isa = PBXShellScriptBuildPhase;
			buildActionMask = 2147483647;
			files = (
			);
			inputPaths = (
			);
			name = "[CP] Embed Pods Frameworks";
			outputPaths = (
			);
			runOnlyForDeploymentPostprocessing = 0;
			shellPath = /bin/sh;
			shellScript = "\"${SRCROOT}/Pods/Target Support Files/Pods-Test轮播图/Pods-Test轮播图-frameworks.sh\"\n";
			showEnvVarsInLog = 0;
		};
		9E2A371DDF6EC4506CDD74EF /* [CP] Copy Pods Resources */ = {
			isa = PBXShellScriptBuildPhase;
			buildActionMask = 2147483647;
			files = (
			);
			inputPaths = (
			);
			name = "[CP] Copy Pods Resources";
			outputPaths = (
			);
			runOnlyForDeploymentPostprocessing = 0;
			shellPath = /bin/sh;
			shellScript = "\"${SRCROOT}/Pods/Target Support Files/Pods-Test轮播图/Pods-Test轮播图-resources.sh\"\n";
			showEnvVarsInLog = 0;
		};
		B7C2FBC9410FE3F12A26D88C /* [CP] Check Pods Manifest.lock */ = {
			isa = PBXShellScriptBuildPhase;
			buildActionMask = 2147483647;
			files = (
			);
			inputPaths = (
			);
			name = "[CP] Check Pods Manifest.lock";
			outputPaths = (
			);
			runOnlyForDeploymentPostprocessing = 0;
			shellPath = /bin/sh;
			shellScript = "diff \"${PODS_ROOT}/../Podfile.lock\" \"${PODS_ROOT}/Manifest.lock\" > /dev/null\nif [ $? != 0 ] ; then\n    # print error to STDERR\n    echo \"error: The sandbox is not in sync with the Podfile.lock. Run 'pod install' or update your CocoaPods installation.\" >&2\n    exit 1\nfi\n";
			showEnvVarsInLog = 0;
		};
/* End PBXShellScriptBuildPhase section */

/* Begin PBXSourcesBuildPhase section */
		D17345FF1E77D80C00BE1A80 /* Sources */ = {
			isa = PBXSourcesBuildPhase;
			buildActionMask = 2147483647;
			files = (
				D17346091E77D80C00BE1A80 /* ViewController.swift in Sources */,
				D127E7161E8113CE005CAF23 /* LoopScrollView.swift in Sources */,
				D17346071E77D80C00BE1A80 /* AppDelegate.swift in Sources */,
			);
			runOnlyForDeploymentPostprocessing = 0;
		};
/* End PBXSourcesBuildPhase section */

/* Begin PBXVariantGroup section */
		D173460A1E77D80C00BE1A80 /* Main.storyboard */ = {
			isa = PBXVariantGroup;
			children = (
				D173460B1E77D80C00BE1A80 /* Base */,
			);
			name = Main.storyboard;
			sourceTree = "<group>";
		};
		D173460F1E77D80C00BE1A80 /* LaunchScreen.storyboard */ = {
			isa = PBXVariantGroup;
			children = (
				D17346101E77D80C00BE1A80 /* Base */,
			);
			name = LaunchScreen.storyboard;
			sourceTree = "<group>";
		};
/* End PBXVariantGroup section */

/* Begin XCBuildConfiguration section */
		D17346131E77D80C00BE1A80 /* Debug */ = {
			isa = XCBuildConfiguration;
			buildSettings = {
				ALWAYS_SEARCH_USER_PATHS = NO;
				CLANG_ANALYZER_NONNULL = YES;
				CLANG_CXX_LANGUAGE_STANDARD = "gnu++0x";
				CLANG_CXX_LIBRARY = "libc++";
				CLANG_ENABLE_MODULES = YES;
				CLANG_ENABLE_OBJC_ARC = YES;
				CLANG_WARN_BOOL_CONVERSION = YES;
				CLANG_WARN_CONSTANT_CONVERSION = YES;
				CLANG_WARN_DIRECT_OBJC_ISA_USAGE = YES_ERROR;
				CLANG_WARN_DOCUMENTATION_COMMENTS = YES;
				CLANG_WARN_EMPTY_BODY = YES;
				CLANG_WARN_ENUM_CONVERSION = YES;
				CLANG_WARN_INFINITE_RECURSION = YES;
				CLANG_WARN_INT_CONVERSION = YES;
				CLANG_WARN_OBJC_ROOT_CLASS = YES_ERROR;
				CLANG_WARN_SUSPICIOUS_MOVE = YES;
				CLANG_WARN_UNREACHABLE_CODE = YES;
				CLANG_WARN__DUPLICATE_METHOD_MATCH = YES;
				"CODE_SIGN_IDENTITY[sdk=iphoneos*]" = "iPhone Developer";
				COPY_PHASE_STRIP = NO;
				DEBUG_INFORMATION_FORMAT = dwarf;
				ENABLE_STRICT_OBJC_MSGSEND = YES;
				ENABLE_TESTABILITY = YES;
				GCC_C_LANGUAGE_STANDARD = gnu99;
				GCC_DYNAMIC_NO_PIC = NO;
				GCC_NO_COMMON_BLOCKS = YES;
				GCC_OPTIMIZATION_LEVEL = 0;
				GCC_PREPROCESSOR_DEFINITIONS = (
					"DEBUG=1",
					"$(inherited)",
				);
				GCC_WARN_64_TO_32_BIT_CONVERSION = YES;
				GCC_WARN_ABOUT_RETURN_TYPE = YES_ERROR;
				GCC_WARN_UNDECLARED_SELECTOR = YES;
				GCC_WARN_UNINITIALIZED_AUTOS = YES_AGGRESSIVE;
				GCC_WARN_UNUSED_FUNCTION = YES;
				GCC_WARN_UNUSED_VARIABLE = YES;
				IPHONEOS_DEPLOYMENT_TARGET = 10.2;
				MTL_ENABLE_DEBUG_INFO = YES;
				ONLY_ACTIVE_ARCH = YES;
				SDKROOT = iphoneos;
				SWIFT_ACTIVE_COMPILATION_CONDITIONS = DEBUG;
				SWIFT_OPTIMIZATION_LEVEL = "-Onone";
				TARGETED_DEVICE_FAMILY = "1,2";
			};
			name = Debug;
		};
		D17346141E77D80C00BE1A80 /* Release */ = {
			isa = XCBuildConfiguration;
			buildSettings = {
				ALWAYS_SEARCH_USER_PATHS = NO;
				CLANG_ANALYZER_NONNULL = YES;
				CLANG_CXX_LANGUAGE_STANDARD = "gnu++0x";
				CLANG_CXX_LIBRARY = "libc++";
				CLANG_ENABLE_MODULES = YES;
				CLANG_ENABLE_OBJC_ARC = YES;
				CLANG_WARN_BOOL_CONVERSION = YES;
				CLANG_WARN_CONSTANT_CONVERSION = YES;
				CLANG_WARN_DIRECT_OBJC_ISA_USAGE = YES_ERROR;
				CLANG_WARN_DOCUMENTATION_COMMENTS = YES;
				CLANG_WARN_EMPTY_BODY = YES;
				CLANG_WARN_ENUM_CONVERSION = YES;
				CLANG_WARN_INFINITE_RECURSION = YES;
				CLANG_WARN_INT_CONVERSION = YES;
				CLANG_WARN_OBJC_ROOT_CLASS = YES_ERROR;
				CLANG_WARN_SUSPICIOUS_MOVE = YES;
				CLANG_WARN_UNREACHABLE_CODE = YES;
				CLANG_WARN__DUPLICATE_METHOD_MATCH = YES;
				"CODE_SIGN_IDENTITY[sdk=iphoneos*]" = "iPhone Developer";
				COPY_PHASE_STRIP = NO;
				DEBUG_INFORMATION_FORMAT = "dwarf-with-dsym";
				ENABLE_NS_ASSERTIONS = NO;
				ENABLE_STRICT_OBJC_MSGSEND = YES;
				GCC_C_LANGUAGE_STANDARD = gnu99;
				GCC_NO_COMMON_BLOCKS = YES;
				GCC_WARN_64_TO_32_BIT_CONVERSION = YES;
				GCC_WARN_ABOUT_RETURN_TYPE = YES_ERROR;
				GCC_WARN_UNDECLARED_SELECTOR = YES;
				GCC_WARN_UNINITIALIZED_AUTOS = YES_AGGRESSIVE;
				GCC_WARN_UNUSED_FUNCTION = YES;
				GCC_WARN_UNUSED_VARIABLE = YES;
				IPHONEOS_DEPLOYMENT_TARGET = 10.2;
				MTL_ENABLE_DEBUG_INFO = NO;
				SDKROOT = iphoneos;
				SWIFT_OPTIMIZATION_LEVEL = "-Owholemodule";
				TARGETED_DEVICE_FAMILY = "1,2";
				VALIDATE_PRODUCT = YES;
			};
			name = Release;
		};
		D17346161E77D80C00BE1A80 /* Debug */ = {
			isa = XCBuildConfiguration;
			baseConfigurationReference = 41FAF21638880775F7F9716B /* Pods-Test轮播图.debug.xcconfig */;
			buildSettings = {
				ASSETCATALOG_COMPILER_APPICON_NAME = AppIcon;
				DEVELOPMENT_TEAM = ET3Y989RPW;
				INFOPLIST_FILE = "Test轮播图/Info.plist";
				LD_RUNPATH_SEARCH_PATHS = "$(inherited) @executable_path/Frameworks";
				PRODUCT_BUNDLE_IDENTIFIER = "czc.Test---";
				PRODUCT_NAME = "$(TARGET_NAME)";
				SWIFT_VERSION = 3.0;
			};
			name = Debug;
		};
		D17346171E77D80C00BE1A80 /* Release */ = {
			isa = XCBuildConfiguration;
			baseConfigurationReference = D2DB2E6C312C6BC04BB5A975 /* Pods-Test轮播图.release.xcconfig */;
			buildSettings = {
				ASSETCATALOG_COMPILER_APPICON_NAME = AppIcon;
				DEVELOPMENT_TEAM = ET3Y989RPW;
				INFOPLIST_FILE = "Test轮播图/Info.plist";
				LD_RUNPATH_SEARCH_PATHS = "$(inherited) @executable_path/Frameworks";
				PRODUCT_BUNDLE_IDENTIFIER = "czc.Test---";
				PRODUCT_NAME = "$(TARGET_NAME)";
				SWIFT_VERSION = 3.0;
			};
			name = Release;
		};
/* End XCBuildConfiguration section */

/* Begin XCConfigurationList section */
		D17345FE1E77D80C00BE1A80 /* Build configuration list for PBXProject "Test轮播图" */ = {
			isa = XCConfigurationList;
			buildConfigurations = (
				D17346131E77D80C00BE1A80 /* Debug */,
				D17346141E77D80C00BE1A80 /* Release */,
			);
			defaultConfigurationIsVisible = 0;
			defaultConfigurationName = Release;
		};
		D17346151E77D80C00BE1A80 /* Build configuration list for PBXNativeTarget "Test轮播图" */ = {
			isa = XCConfigurationList;
			buildConfigurations = (
				D17346161E77D80C00BE1A80 /* Debug */,
				D17346171E77D80C00BE1A80 /* Release */,
			);
			defaultConfigurationIsVisible = 0;
			defaultConfigurationName = Release;
		};
/* End XCConfigurationList section */
	};
	rootObject = D17345FB1E77D80C00BE1A80 /* Project object */;
}
