// !$*UTF8*$!
{
	archiveVersion = 1;
	classes = {
	};
	objectVersion = 46;
	objects = {

/* Begin PBXBuildFile section */
		C31B25BA1CE2D4B300E0E538 /* 1.jpg in Resources */ = {isa = PBXBuildFile; fileRef = C31B25B91CE2D4B300E0E538 /* 1.jpg */; };
		C344BAF11CD0AF3300292815 /* test.jpg in Resources */ = {isa = PBXBuildFile; fileRef = C344BAF01CD0AF3300292815 /* test.jpg */; };
		C346C1041CD1B9440054C362 /* cgMediumView.swift in Sources */ = {isa = PBXBuildFile; fileRef = C346C1031CD1B9440054C362 /* cgMediumView.swift */; };
		C346C1061CD209050054C362 /* NSObject+alert.swift in Sources */ = {isa = PBXBuildFile; fileRef = C346C1051CD209050054C362 /* NSObject+alert.swift */; };
		C354943B1CD0AA2A00368568 /* AppDelegate.swift in Sources */ = {isa = PBXBuildFile; fileRef = C354943A1CD0AA2A00368568 /* AppDelegate.swift */; };
		C354943D1CD0AA2A00368568 /* ViewController.swift in Sources */ = {isa = PBXBuildFile; fileRef = C354943C1CD0AA2A00368568 /* ViewController.swift */; };
		C35494401CD0AA2A00368568 /* Main.storyboard in Resources */ = {isa = PBXBuildFile; fileRef = C354943E1CD0AA2A00368568 /* Main.storyboard */; };
		C35494421CD0AA2A00368568 /* Assets.xcassets in Resources */ = {isa = PBXBuildFile; fileRef = C35494411CD0AA2A00368568 /* Assets.xcassets */; };
		C35494451CD0AA2A00368568 /* LaunchScreen.storyboard in Resources */ = {isa = PBXBuildFile; fileRef = C35494431CD0AA2A00368568 /* LaunchScreen.storyboard */; };
		C354944D1CD0AA4F00368568 /* mediumView.swift in Sources */ = {isa = PBXBuildFile; fileRef = C354944C1CD0AA4F00368568 /* mediumView.swift */; };
/* End PBXBuildFile section */

/* Begin PBXFileReference section */
		C31B25B91CE2D4B300E0E538 /* 1.jpg */ = {isa = PBXFileReference; lastKnownFileType = image.jpeg; path = 1.jpg; sourceTree = "<group>"; };
		C344BAF01CD0AF3300292815 /* test.jpg */ = {isa = PBXFileReference; lastKnownFileType = image.jpeg; path = test.jpg; sourceTree = "<group>"; };
		C346C1031CD1B9440054C362 /* cgMediumView.swift */ = {isa = PBXFileReference; fileEncoding = 4; lastKnownFileType = sourcecode.swift; path = cgMediumView.swift; sourceTree = "<group>"; };
		C346C1051CD209050054C362 /* NSObject+alert.swift */ = {isa = PBXFileReference; fileEncoding = 4; lastKnownFileType = sourcecode.swift; path = "NSObject+alert.swift"; sourceTree = "<group>"; };
		C35494371CD0AA2A00368568 /* 获取图片中的点.app */ = {isa = PBXFileReference; explicitFileType = wrapper.application; includeInIndex = 0; path = "获取图片中的点.app"; sourceTree = BUILT_PRODUCTS_DIR; };
		C354943A1CD0AA2A00368568 /* AppDelegate.swift */ = {isa = PBXFileReference; lastKnownFileType = sourcecode.swift; path = AppDelegate.swift; sourceTree = "<group>"; };
		C354943C1CD0AA2A00368568 /* ViewController.swift */ = {isa = PBXFileReference; lastKnownFileType = sourcecode.swift; path = ViewController.swift; sourceTree = "<group>"; };
		C354943F1CD0AA2A00368568 /* Base */ = {isa = PBXFileReference; lastKnownFileType = file.storyboard; name = Base; path = Base.lproj/Main.storyboard; sourceTree = "<group>"; };
		C35494411CD0AA2A00368568 /* Assets.xcassets */ = {isa = PBXFileReference; lastKnownFileType = folder.assetcatalog; path = Assets.xcassets; sourceTree = "<group>"; };
		C35494441CD0AA2A00368568 /* Base */ = {isa = PBXFileReference; lastKnownFileType = file.storyboard; name = Base; path = Base.lproj/LaunchScreen.storyboard; sourceTree = "<group>"; };
		C35494461CD0AA2A00368568 /* Info.plist */ = {isa = PBXFileReference; lastKnownFileType = text.plist.xml; path = Info.plist; sourceTree = "<group>"; };
		C354944C1CD0AA4F00368568 /* mediumView.swift */ = {isa = PBXFileReference; fileEncoding = 4; lastKnownFileType = sourcecode.swift; path = mediumView.swift; sourceTree = "<group>"; };
/* End PBXFileReference section */

/* Begin PBXFrameworksBuildPhase section */
		C35494341CD0AA2A00368568 /* Frameworks */ = {
			isa = PBXFrameworksBuildPhase;
			buildActionMask = 2147483647;
			files = (
			);
			runOnlyForDeploymentPostprocessing = 0;
		};
/* End PBXFrameworksBuildPhase section */

/* Begin PBXGroup section */
		C354942E1CD0AA2A00368568 = {
			isa = PBXGroup;
			children = (
				C35494391CD0AA2A00368568 /* 获取图片中的点 */,
				C35494381CD0AA2A00368568 /* Products */,
			);
			sourceTree = "<group>";
		};
		C35494381CD0AA2A00368568 /* Products */ = {
			isa = PBXGroup;
			children = (
				C35494371CD0AA2A00368568 /* 获取图片中的点.app */,
			);
			name = Products;
			sourceTree = "<group>";
		};
		C35494391CD0AA2A00368568 /* 获取图片中的点 */ = {
			isa = PBXGroup;
			children = (
				C354943A1CD0AA2A00368568 /* AppDelegate.swift */,
				C354943C1CD0AA2A00368568 /* ViewController.swift */,
				C354944C1CD0AA4F00368568 /* mediumView.swift */,
				C346C1031CD1B9440054C362 /* cgMediumView.swift */,
				C346C1051CD209050054C362 /* NSObject+alert.swift */,
				C344BAF01CD0AF3300292815 /* test.jpg */,
				C31B25B91CE2D4B300E0E538 /* 1.jpg */,
				C354943E1CD0AA2A00368568 /* Main.storyboard */,
				C35494411CD0AA2A00368568 /* Assets.xcassets */,
				C35494431CD0AA2A00368568 /* LaunchScreen.storyboard */,
				C35494461CD0AA2A00368568 /* Info.plist */,
			);
			path = "获取图片中的点";
			sourceTree = "<group>";
		};
/* End PBXGroup section */

/* Begin PBXNativeTarget section */
		C35494361CD0AA2A00368568 /* 获取图片中的点 */ = {
			isa = PBXNativeTarget;
			buildConfigurationList = C35494491CD0AA2A00368568 /* Build configuration list for PBXNativeTarget "获取图片中的点" */;
			buildPhases = (
				C35494331CD0AA2A00368568 /* Sources */,
				C35494341CD0AA2A00368568 /* Frameworks */,
				C35494351CD0AA2A00368568 /* Resources */,
			);
			buildRules = (
			);
			dependencies = (
			);
			name = "获取图片中的点";
			productName = "获取图片中的点";
			productReference = C35494371CD0AA2A00368568 /* 获取图片中的点.app */;
			productType = "com.apple.product-type.application";
		};
/* End PBXNativeTarget section */

/* Begin PBXProject section */
		C354942F1CD0AA2A00368568 /* Project object */ = {
			isa = PBXProject;
			attributes = {
				LastSwiftUpdateCheck = 0730;
				LastUpgradeCheck = 0800;
				ORGANIZATIONNAME = zidon;
				TargetAttributes = {
					C35494361CD0AA2A00368568 = {
						CreatedOnToolsVersion = 7.3;
						LastSwiftMigration = 0800;
					};
				};
			};
			buildConfigurationList = C35494321CD0AA2A00368568 /* Build configuration list for PBXProject "获取图片中的点" */;
			compatibilityVersion = "Xcode 3.2";
			developmentRegion = English;
			hasScannedForEncodings = 0;
			knownRegions = (
				en,
				Base,
			);
			mainGroup = C354942E1CD0AA2A00368568;
			productRefGroup = C35494381CD0AA2A00368568 /* Products */;
			projectDirPath = "";
			projectRoot = "";
			targets = (
				C35494361CD0AA2A00368568 /* 获取图片中的点 */,
			);
		};
/* End PBXProject section */

/* Begin PBXResourcesBuildPhase section */
		C35494351CD0AA2A00368568 /* Resources */ = {
			isa = PBXResourcesBuildPhase;
			buildActionMask = 2147483647;
			files = (
				C35494451CD0AA2A00368568 /* LaunchScreen.storyboard in Resources */,
				C35494421CD0AA2A00368568 /* Assets.xcassets in Resources */,
				C35494401CD0AA2A00368568 /* Main.storyboard in Resources */,
				C344BAF11CD0AF3300292815 /* test.jpg in Resources */,
				C31B25BA1CE2D4B300E0E538 /* 1.jpg in Resources */,
			);
			runOnlyForDeploymentPostprocessing = 0;
		};
/* End PBXResourcesBuildPhase section */

/* Begin PBXSourcesBuildPhase section */
		C35494331CD0AA2A00368568 /* Sources */ = {
			isa = PBXSourcesBuildPhase;
			buildActionMask = 2147483647;
			files = (
				C354943D1CD0AA2A00368568 /* ViewController.swift in Sources */,
				C354943B1CD0AA2A00368568 /* AppDelegate.swift in Sources */,
				C354944D1CD0AA4F00368568 /* mediumView.swift in Sources */,
				C346C1041CD1B9440054C362 /* cgMediumView.swift in Sources */,
				C346C1061CD209050054C362 /* NSObject+alert.swift in Sources */,
			);
			runOnlyForDeploymentPostprocessing = 0;
		};
/* End PBXSourcesBuildPhase section */

/* Begin PBXVariantGroup section */
		C354943E1CD0AA2A00368568 /* Main.storyboard */ = {
			isa = PBXVariantGroup;
			children = (
				C354943F1CD0AA2A00368568 /* Base */,
			);
			name = Main.storyboard;
			sourceTree = "<group>";
		};
		C35494431CD0AA2A00368568 /* LaunchScreen.storyboard */ = {
			isa = PBXVariantGroup;
			children = (
				C35494441CD0AA2A00368568 /* Base */,
			);
			name = LaunchScreen.storyboard;
			sourceTree = "<group>";
		};
/* End PBXVariantGroup section */

/* Begin XCBuildConfiguration section */
		C35494471CD0AA2A00368568 /* Debug */ = {
			isa = XCBuildConfiguration;
			buildSettings = {
				ALWAYS_SEARCH_USER_PATHS = NO;
				CLANG_ANALYZER_NONNULL = YES;
				CLANG_CXX_LANGUAGE_STANDARD = "gnu++0x";
				CLANG_CXX_LIBRARY = "libc++";
				CLANG_ENABLE_MODULES = YES;
				CLANG_ENABLE_OBJC_ARC = YES;
				CLANG_WARN_BOOL_CONVERSION = YES;
				CLANG_WARN_CONSTANT_CONVERSION = YES;
				CLANG_WARN_DIRECT_OBJC_ISA_USAGE = YES_ERROR;
				CLANG_WARN_EMPTY_BODY = YES;
				CLANG_WARN_ENUM_CONVERSION = YES;
				CLANG_WARN_INFINITE_RECURSION = YES;
				CLANG_WARN_INT_CONVERSION = YES;
				CLANG_WARN_OBJC_ROOT_CLASS = YES_ERROR;
				CLANG_WARN_SUSPICIOUS_MOVE = YES;
				CLANG_WARN_UNREACHABLE_CODE = YES;
				CLANG_WARN__DUPLICATE_METHOD_MATCH = YES;
				"CODE_SIGN_IDENTITY[sdk=iphoneos*]" = "iPhone Developer";
				COPY_PHASE_STRIP = NO;
				DEBUG_INFORMATION_FORMAT = dwarf;
				ENABLE_STRICT_OBJC_MSGSEND = YES;
				ENABLE_TESTABILITY = YES;
				GCC_C_LANGUAGE_STANDARD = gnu99;
				GCC_DYNAMIC_NO_PIC = NO;
				GCC_NO_COMMON_BLOCKS = YES;
				GCC_OPTIMIZATION_LEVEL = 0;
				GCC_PREPROCESSOR_DEFINITIONS = (
					"DEBUG=1",
					"$(inherited)",
				);
				GCC_WARN_64_TO_32_BIT_CONVERSION = YES;
				GCC_WARN_ABOUT_RETURN_TYPE = YES_ERROR;
				GCC_WARN_UNDECLARED_SELECTOR = YES;
				GCC_WARN_UNINITIALIZED_AUTOS = YES_AGGRESSIVE;
				GCC_WARN_UNUSED_FUNCTION = YES;
				GCC_WARN_UNUSED_VARIABLE = YES;
				IPHONEOS_DEPLOYMENT_TARGET = 9.3;
				MTL_ENABLE_DEBUG_INFO = YES;
				ONLY_ACTIVE_ARCH = YES;
				SDKROOT = iphoneos;
				SWIFT_OPTIMIZATION_LEVEL = "-Onone";
				TARGETED_DEVICE_FAMILY = "1,2";
			};
			name = Debug;
		};
		C35494481CD0AA2A00368568 /* Release */ = {
			isa = XCBuildConfiguration;
			buildSettings = {
				ALWAYS_SEARCH_USER_PATHS = NO;
				CLANG_ANALYZER_NONNULL = YES;
				CLANG_CXX_LANGUAGE_STANDARD = "gnu++0x";
				CLANG_CXX_LIBRARY = "libc++";
				CLANG_ENABLE_MODULES = YES;
				CLANG_ENABLE_OBJC_ARC = YES;
				CLANG_WARN_BOOL_CONVERSION = YES;
				CLANG_WARN_CONSTANT_CONVERSION = YES;
				CLANG_WARN_DIRECT_OBJC_ISA_USAGE = YES_ERROR;
				CLANG_WARN_EMPTY_BODY = YES;
				CLANG_WARN_ENUM_CONVERSION = YES;
				CLANG_WARN_INFINITE_RECURSION = YES;
				CLANG_WARN_INT_CONVERSION = YES;
				CLANG_WARN_OBJC_ROOT_CLASS = YES_ERROR;
				CLANG_WARN_SUSPICIOUS_MOVE = YES;
				CLANG_WARN_UNREACHABLE_CODE = YES;
				CLANG_WARN__DUPLICATE_METHOD_MATCH = YES;
				"CODE_SIGN_IDENTITY[sdk=iphoneos*]" = "iPhone Developer";
				COPY_PHASE_STRIP = NO;
				DEBUG_INFORMATION_FORMAT = "dwarf-with-dsym";
				ENABLE_NS_ASSERTIONS = NO;
				ENABLE_STRICT_OBJC_MSGSEND = YES;
				GCC_C_LANGUAGE_STANDARD = gnu99;
				GCC_NO_COMMON_BLOCKS = YES;
				GCC_WARN_64_TO_32_BIT_CONVERSION = YES;
				GCC_WARN_ABOUT_RETURN_TYPE = YES_ERROR;
				GCC_WARN_UNDECLARED_SELECTOR = YES;
				GCC_WARN_UNINITIALIZED_AUTOS = YES_AGGRESSIVE;
				GCC_WARN_UNUSED_FUNCTION = YES;
				GCC_WARN_UNUSED_VARIABLE = YES;
				IPHONEOS_DEPLOYMENT_TARGET = 9.3;
				MTL_ENABLE_DEBUG_INFO = NO;
				SDKROOT = iphoneos;
				SWIFT_OPTIMIZATION_LEVEL = "-Owholemodule";
				TARGETED_DEVICE_FAMILY = "1,2";
				VALIDATE_PRODUCT = YES;
			};
			name = Release;
		};
		C354944A1CD0AA2A00368568 /* Debug */ = {
			isa = XCBuildConfiguration;
			buildSettings = {
				ASSETCATALOG_COMPILER_APPICON_NAME = AppIcon;
				INFOPLIST_FILE = "获取图片中的点/Info.plist";
				IPHONEOS_DEPLOYMENT_TARGET = 8.0;
				LD_RUNPATH_SEARCH_PATHS = "$(inherited) @executable_path/Frameworks";
				PRODUCT_BUNDLE_IDENTIFIER = "QN.-------";
				PRODUCT_NAME = "$(TARGET_NAME)";
				SWIFT_VERSION = 3.0;
			};
			name = Debug;
		};
		C354944B1CD0AA2A00368568 /* Release */ = {
			isa = XCBuildConfiguration;
			buildSettings = {
				ASSETCATALOG_COMPILER_APPICON_NAME = AppIcon;
				INFOPLIST_FILE = "获取图片中的点/Info.plist";
				IPHONEOS_DEPLOYMENT_TARGET = 8.0;
				LD_RUNPATH_SEARCH_PATHS = "$(inherited) @executable_path/Frameworks";
				PRODUCT_BUNDLE_IDENTIFIER = "QN.-------";
				PRODUCT_NAME = "$(TARGET_NAME)";
				SWIFT_VERSION = 3.0;
			};
			name = Release;
		};
/* End XCBuildConfiguration section */

/* Begin XCConfigurationList section */
		C35494321CD0AA2A00368568 /* Build configuration list for PBXProject "获取图片中的点" */ = {
			isa = XCConfigurationList;
			buildConfigurations = (
				C35494471CD0AA2A00368568 /* Debug */,
				C35494481CD0AA2A00368568 /* Release */,
			);
			defaultConfigurationIsVisible = 0;
			defaultConfigurationName = Release;
		};
		C35494491CD0AA2A00368568 /* Build configuration list for PBXNativeTarget "获取图片中的点" */ = {
			isa = XCConfigurationList;
			buildConfigurations = (
				C354944A1CD0AA2A00368568 /* Debug */,
				C354944B1CD0AA2A00368568 /* Release */,
			);
			defaultConfigurationIsVisible = 0;
			defaultConfigurationName = Release;
		};
/* End XCConfigurationList section */
	};
	rootObject = C354942F1CD0AA2A00368568 /* Project object */;
}
