// !$*UTF8*$!
{
	archiveVersion = 1;
	classes = {
	};
	objectVersion = 46;
	objects = {

/* Begin PBXBuildFile section */
		D1908C6B1EA7010E0077CFCD /* AppDelegate.swift in Sources */ = {isa = PBXBuildFile; fileRef = D1908C6A1EA7010E0077CFCD /* AppDelegate.swift */; };
		D1908C6D1EA7010E0077CFCD /* ViewController.swift in Sources */ = {isa = PBXBuildFile; fileRef = D1908C6C1EA7010E0077CFCD /* ViewController.swift */; };
		D1908C701EA7010E0077CFCD /* Main.storyboard in Resources */ = {isa = PBXBuildFile; fileRef = D1908C6E1EA7010E0077CFCD /* Main.storyboard */; };
		D1908C721EA7010E0077CFCD /* Assets.xcassets in Resources */ = {isa = PBXBuildFile; fileRef = D1908C711EA7010E0077CFCD /* Assets.xcassets */; };
		D1908C751EA7010E0077CFCD /* LaunchScreen.storyboard in Resources */ = {isa = PBXBuildFile; fileRef = D1908C731EA7010E0077CFCD /* LaunchScreen.storyboard */; };
		D1908C811EA73A5C0077CFCD /* JGradientLabel.swift in Sources */ = {isa = PBXBuildFile; fileRef = D1908C801EA73A5C0077CFCD /* JGradientLabel.swift */; };
		D1908C831EA73A790077CFCD /* JGradientButton.swift in Sources */ = {isa = PBXBuildFile; fileRef = D1908C821EA73A790077CFCD /* JGradientButton.swift */; };
/* End PBXBuildFile section */

/* Begin PBXFileReference section */
		D1908C671EA7010E0077CFCD /* MyGradient.app */ = {isa = PBXFileReference; explicitFileType = wrapper.application; includeInIndex = 0; path = MyGradient.app; sourceTree = BUILT_PRODUCTS_DIR; };
		D1908C6A1EA7010E0077CFCD /* AppDelegate.swift */ = {isa = PBXFileReference; lastKnownFileType = sourcecode.swift; path = AppDelegate.swift; sourceTree = "<group>"; };
		D1908C6C1EA7010E0077CFCD /* ViewController.swift */ = {isa = PBXFileReference; lastKnownFileType = sourcecode.swift; path = ViewController.swift; sourceTree = "<group>"; };
		D1908C6F1EA7010E0077CFCD /* Base */ = {isa = PBXFileReference; lastKnownFileType = file.storyboard; name = Base; path = Base.lproj/Main.storyboard; sourceTree = "<group>"; };
		D1908C711EA7010E0077CFCD /* Assets.xcassets */ = {isa = PBXFileReference; lastKnownFileType = folder.assetcatalog; path = Assets.xcassets; sourceTree = "<group>"; };
		D1908C741EA7010E0077CFCD /* Base */ = {isa = PBXFileReference; lastKnownFileType = file.storyboard; name = Base; path = Base.lproj/LaunchScreen.storyboard; sourceTree = "<group>"; };
		D1908C761EA7010E0077CFCD /* Info.plist */ = {isa = PBXFileReference; lastKnownFileType = text.plist.xml; path = Info.plist; sourceTree = "<group>"; };
		D1908C801EA73A5C0077CFCD /* JGradientLabel.swift */ = {isa = PBXFileReference; fileEncoding = 4; lastKnownFileType = sourcecode.swift; path = JGradientLabel.swift; sourceTree = "<group>"; };
		D1908C821EA73A790077CFCD /* JGradientButton.swift */ = {isa = PBXFileReference; fileEncoding = 4; lastKnownFileType = sourcecode.swift; path = JGradientButton.swift; sourceTree = "<group>"; };
/* End PBXFileReference section */

/* Begin PBXFrameworksBuildPhase section */
		D1908C641EA7010E0077CFCD /* Frameworks */ = {
			isa = PBXFrameworksBuildPhase;
			buildActionMask = 2147483647;
			files = (
			);
			runOnlyForDeploymentPostprocessing = 0;
		};
/* End PBXFrameworksBuildPhase section */

/* Begin PBXGroup section */
		D1908C5E1EA7010E0077CFCD = {
			isa = PBXGroup;
			children = (
				D1908C691EA7010E0077CFCD /* MyGradient */,
				D1908C681EA7010E0077CFCD /* Products */,
			);
			sourceTree = "<group>";
		};
		D1908C681EA7010E0077CFCD /* Products */ = {
			isa = PBXGroup;
			children = (
				D1908C671EA7010E0077CFCD /* MyGradient.app */,
			);
			name = Products;
			sourceTree = "<group>";
		};
		D1908C691EA7010E0077CFCD /* MyGradient */ = {
			isa = PBXGroup;
			children = (
				D1908C6A1EA7010E0077CFCD /* AppDelegate.swift */,
				D1908C6C1EA7010E0077CFCD /* ViewController.swift */,
				D1908C801EA73A5C0077CFCD /* JGradientLabel.swift */,
				D1908C821EA73A790077CFCD /* JGradientButton.swift */,
				D1908C6E1EA7010E0077CFCD /* Main.storyboard */,
				D1908C711EA7010E0077CFCD /* Assets.xcassets */,
				D1908C731EA7010E0077CFCD /* LaunchScreen.storyboard */,
				D1908C761EA7010E0077CFCD /* Info.plist */,
			);
			path = MyGradient;
			sourceTree = "<group>";
		};
/* End PBXGroup section */

/* Begin PBXNativeTarget section */
		D1908C661EA7010E0077CFCD /* MyGradient */ = {
			isa = PBXNativeTarget;
			buildConfigurationList = D1908C791EA7010E0077CFCD /* Build configuration list for PBXNativeTarget "MyGradient" */;
			buildPhases = (
				D1908C631EA7010E0077CFCD /* Sources */,
				D1908C641EA7010E0077CFCD /* Frameworks */,
				D1908C651EA7010E0077CFCD /* Resources */,
			);
			buildRules = (
			);
			dependencies = (
			);
			name = MyGradient;
			productName = MyGradient;
			productReference = D1908C671EA7010E0077CFCD /* MyGradient.app */;
			productType = "com.apple.product-type.application";
		};
/* End PBXNativeTarget section */

/* Begin PBXProject section */
		D1908C5F1EA7010E0077CFCD /* Project object */ = {
			isa = PBXProject;
			attributes = {
				LastSwiftUpdateCheck = 0830;
				LastUpgradeCheck = 0830;
				ORGANIZATIONNAME = zidon;
				TargetAttributes = {
					D1908C661EA7010E0077CFCD = {
						CreatedOnToolsVersion = 8.3.1;
						DevelopmentTeam = ET3Y989RPW;
						LastSwiftMigration = 0920;
						ProvisioningStyle = Automatic;
					};
				};
			};
			buildConfigurationList = D1908C621EA7010E0077CFCD /* Build configuration list for PBXProject "MyGradient" */;
			compatibilityVersion = "Xcode 3.2";
			developmentRegion = English;
			hasScannedForEncodings = 0;
			knownRegions = (
				en,
				Base,
			);
			mainGroup = D1908C5E1EA7010E0077CFCD;
			productRefGroup = D1908C681EA7010E0077CFCD /* Products */;
			projectDirPath = "";
			projectRoot = "";
			targets = (
				D1908C661EA7010E0077CFCD /* MyGradient */,
			);
		};
/* End PBXProject section */

/* Begin PBXResourcesBuildPhase section */
		D1908C651EA7010E0077CFCD /* Resources */ = {
			isa = PBXResourcesBuildPhase;
			buildActionMask = 2147483647;
			files = (
				D1908C751EA7010E0077CFCD /* LaunchScreen.storyboard in Resources */,
				D1908C721EA7010E0077CFCD /* Assets.xcassets in Resources */,
				D1908C701EA7010E0077CFCD /* Main.storyboard in Resources */,
			);
			runOnlyForDeploymentPostprocessing = 0;
		};
/* End PBXResourcesBuildPhase section */

/* Begin PBXSourcesBuildPhase section */
		D1908C631EA7010E0077CFCD /* Sources */ = {
			isa = PBXSourcesBuildPhase;
			buildActionMask = 2147483647;
			files = (
				D1908C831EA73A790077CFCD /* JGradientButton.swift in Sources */,
				D1908C6D1EA7010E0077CFCD /* ViewController.swift in Sources */,
				D1908C6B1EA7010E0077CFCD /* AppDelegate.swift in Sources */,
				D1908C811EA73A5C0077CFCD /* JGradientLabel.swift in Sources */,
			);
			runOnlyForDeploymentPostprocessing = 0;
		};
/* End PBXSourcesBuildPhase section */

/* Begin PBXVariantGroup section */
		D1908C6E1EA7010E0077CFCD /* Main.storyboard */ = {
			isa = PBXVariantGroup;
			children = (
				D1908C6F1EA7010E0077CFCD /* Base */,
			);
			name = Main.storyboard;
			sourceTree = "<group>";
		};
		D1908C731EA7010E0077CFCD /* LaunchScreen.storyboard */ = {
			isa = PBXVariantGroup;
			children = (
				D1908C741EA7010E0077CFCD /* Base */,
			);
			name = LaunchScreen.storyboard;
			sourceTree = "<group>";
		};
/* End PBXVariantGroup section */

/* Begin XCBuildConfiguration section */
		D1908C771EA7010E0077CFCD /* Debug */ = {
			isa = XCBuildConfiguration;
			buildSettings = {
				ALWAYS_SEARCH_USER_PATHS = NO;
				CLANG_ANALYZER_NONNULL = YES;
				CLANG_ANALYZER_NUMBER_OBJECT_CONVERSION = YES_AGGRESSIVE;
				CLANG_CXX_LANGUAGE_STANDARD = "gnu++0x";
				CLANG_CXX_LIBRARY = "libc++";
				CLANG_ENABLE_MODULES = YES;
				CLANG_ENABLE_OBJC_ARC = YES;
				CLANG_WARN_BOOL_CONVERSION = YES;
				CLANG_WARN_CONSTANT_CONVERSION = YES;
				CLANG_WARN_DIRECT_OBJC_ISA_USAGE = YES_ERROR;
				CLANG_WARN_DOCUMENTATION_COMMENTS = YES;
				CLANG_WARN_EMPTY_BODY = YES;
				CLANG_WARN_ENUM_CONVERSION = YES;
				CLANG_WARN_INFINITE_RECURSION = YES;
				CLANG_WARN_INT_CONVERSION = YES;
				CLANG_WARN_OBJC_ROOT_CLASS = YES_ERROR;
				CLANG_WARN_SUSPICIOUS_MOVE = YES;
				CLANG_WARN_UNREACHABLE_CODE = YES;
				CLANG_WARN__DUPLICATE_METHOD_MATCH = YES;
				"CODE_SIGN_IDENTITY[sdk=iphoneos*]" = "iPhone Developer";
				COPY_PHASE_STRIP = NO;
				DEBUG_INFORMATION_FORMAT = dwarf;
				ENABLE_STRICT_OBJC_MSGSEND = YES;
				ENABLE_TESTABILITY = YES;
				GCC_C_LANGUAGE_STANDARD = gnu99;
				GCC_DYNAMIC_NO_PIC = NO;
				GCC_NO_COMMON_BLOCKS = YES;
				GCC_OPTIMIZATION_LEVEL = 0;
				GCC_PREPROCESSOR_DEFINITIONS = (
					"DEBUG=1",
					"$(inherited)",
				);
				GCC_WARN_64_TO_32_BIT_CONVERSION = YES;
				GCC_WARN_ABOUT_RETURN_TYPE = YES_ERROR;
				GCC_WARN_UNDECLARED_SELECTOR = YES;
				GCC_WARN_UNINITIALIZED_AUTOS = YES_AGGRESSIVE;
				GCC_WARN_UNUSED_FUNCTION = YES;
				GCC_WARN_UNUSED_VARIABLE = YES;
				IPHONEOS_DEPLOYMENT_TARGET = 10.3;
				MTL_ENABLE_DEBUG_INFO = YES;
				ONLY_ACTIVE_ARCH = YES;
				SDKROOT = iphoneos;
				SWIFT_ACTIVE_COMPILATION_CONDITIONS = DEBUG;
				SWIFT_OPTIMIZATION_LEVEL = "-Onone";
				TARGETED_DEVICE_FAMILY = "1,2";
			};
			name = Debug;
		};
		D1908C781EA7010E0077CFCD /* Release */ = {
			isa = XCBuildConfiguration;
			buildSettings = {
				ALWAYS_SEARCH_USER_PATHS = NO;
				CLANG_ANALYZER_NONNULL = YES;
				CLANG_ANALYZER_NUMBER_OBJECT_CONVERSION = YES_AGGRESSIVE;
				CLANG_CXX_LANGUAGE_STANDARD = "gnu++0x";
				CLANG_CXX_LIBRARY = "libc++";
				CLANG_ENABLE_MODULES = YES;
				CLANG_ENABLE_OBJC_ARC = YES;
				CLANG_WARN_BOOL_CONVERSION = YES;
				CLANG_WARN_CONSTANT_CONVERSION = YES;
				CLANG_WARN_DIRECT_OBJC_ISA_USAGE = YES_ERROR;
				CLANG_WARN_DOCUMENTATION_COMMENTS = YES;
				CLANG_WARN_EMPTY_BODY = YES;
				CLANG_WARN_ENUM_CONVERSION = YES;
				CLANG_WARN_INFINITE_RECURSION = YES;
				CLANG_WARN_INT_CONVERSION = YES;
				CLANG_WARN_OBJC_ROOT_CLASS = YES_ERROR;
				CLANG_WARN_SUSPICIOUS_MOVE = YES;
				CLANG_WARN_UNREACHABLE_CODE = YES;
				CLANG_WARN__DUPLICATE_METHOD_MATCH = YES;
				"CODE_SIGN_IDENTITY[sdk=iphoneos*]" = "iPhone Developer";
				COPY_PHASE_STRIP = NO;
				DEBUG_INFORMATION_FORMAT = "dwarf-with-dsym";
				ENABLE_NS_ASSERTIONS = NO;
				ENABLE_STRICT_OBJC_MSGSEND = YES;
				GCC_C_LANGUAGE_STANDARD = gnu99;
				GCC_NO_COMMON_BLOCKS = YES;
				GCC_WARN_64_TO_32_BIT_CONVERSION = YES;
				GCC_WARN_ABOUT_RETURN_TYPE = YES_ERROR;
				GCC_WARN_UNDECLARED_SELECTOR = YES;
				GCC_WARN_UNINITIALIZED_AUTOS = YES_AGGRESSIVE;
				GCC_WARN_UNUSED_FUNCTION = YES;
				GCC_WARN_UNUSED_VARIABLE = YES;
				IPHONEOS_DEPLOYMENT_TARGET = 10.3;
				MTL_ENABLE_DEBUG_INFO = NO;
				SDKROOT = iphoneos;
				SWIFT_OPTIMIZATION_LEVEL = "-Owholemodule";
				TARGETED_DEVICE_FAMILY = "1,2";
				VALIDATE_PRODUCT = YES;
			};
			name = Release;
		};
		D1908C7A1EA7010E0077CFCD /* Debug */ = {
			isa = XCBuildConfiguration;
			buildSettings = {
				ASSETCATALOG_COMPILER_APPICON_NAME = AppIcon;
				DEVELOPMENT_TEAM = ET3Y989RPW;
				INFOPLIST_FILE = MyGradient/Info.plist;
				LD_RUNPATH_SEARCH_PATHS = "$(inherited) @executable_path/Frameworks";
				PRODUCT_BUNDLE_IDENTIFIER = czc.MyGradient;
				PRODUCT_NAME = "$(TARGET_NAME)";
				SWIFT_SWIFT3_OBJC_INFERENCE = On;
				SWIFT_VERSION = 4.0;
			};
			name = Debug;
		};
		D1908C7B1EA7010E0077CFCD /* Release */ = {
			isa = XCBuildConfiguration;
			buildSettings = {
				ASSETCATALOG_COMPILER_APPICON_NAME = AppIcon;
				DEVELOPMENT_TEAM = ET3Y989RPW;
				INFOPLIST_FILE = MyGradient/Info.plist;
				LD_RUNPATH_SEARCH_PATHS = "$(inherited) @executable_path/Frameworks";
				PRODUCT_BUNDLE_IDENTIFIER = czc.MyGradient;
				PRODUCT_NAME = "$(TARGET_NAME)";
				SWIFT_SWIFT3_OBJC_INFERENCE = On;
				SWIFT_VERSION = 4.0;
			};
			name = Release;
		};
/* End XCBuildConfiguration section */

/* Begin XCConfigurationList section */
		D1908C621EA7010E0077CFCD /* Build configuration list for PBXProject "MyGradient" */ = {
			isa = XCConfigurationList;
			buildConfigurations = (
				D1908C771EA7010E0077CFCD /* Debug */,
				D1908C781EA7010E0077CFCD /* Release */,
			);
			defaultConfigurationIsVisible = 0;
			defaultConfigurationName = Release;
		};
		D1908C791EA7010E0077CFCD /* Build configuration list for PBXNativeTarget "MyGradient" */ = {
			isa = XCConfigurationList;
			buildConfigurations = (
				D1908C7A1EA7010E0077CFCD /* Debug */,
				D1908C7B1EA7010E0077CFCD /* Release */,
			);
			defaultConfigurationIsVisible = 0;
			defaultConfigurationName = Release;
		};
/* End XCConfigurationList section */
	};
	rootObject = D1908C5F1EA7010E0077CFCD /* Project object */;
}
