// !$*UTF8*$!
{
	archiveVersion = 1;
	classes = {
	};
	objectVersion = 46;
	objects = {

/* Begin PBXBuildFile section */
		D154F1FD1DFE3FC8001AAD24 /* main.m in Sources */ = {isa = PBXBuildFile; fileRef = D154F1FC1DFE3FC8001AAD24 /* main.m */; };
		D154F2001DFE3FC8001AAD24 /* AppDelegate.m in Sources */ = {isa = PBXBuildFile; fileRef = D154F1FF1DFE3FC8001AAD24 /* AppDelegate.m */; };
		D154F2031DFE3FC8001AAD24 /* ViewController.m in Sources */ = {isa = PBXBuildFile; fileRef = D154F2021DFE3FC8001AAD24 /* ViewController.m */; };
		D154F2061DFE3FC8001AAD24 /* Main.storyboard in Resources */ = {isa = PBXBuildFile; fileRef = D154F2041DFE3FC8001AAD24 /* Main.storyboard */; };
		D154F2081DFE3FC8001AAD24 /* Assets.xcassets in Resources */ = {isa = PBXBuildFile; fileRef = D154F2071DFE3FC8001AAD24 /* Assets.xcassets */; };
		D154F20B1DFE3FC8001AAD24 /* LaunchScreen.storyboard in Resources */ = {isa = PBXBuildFile; fileRef = D154F2091DFE3FC8001AAD24 /* LaunchScreen.storyboard */; };
		D154F2161DFE3FC9001AAD24 /* freshTests.m in Sources */ = {isa = PBXBuildFile; fileRef = D154F2151DFE3FC9001AAD24 /* freshTests.m */; };
		D154F2211DFE3FC9001AAD24 /* freshUITests.m in Sources */ = {isa = PBXBuildFile; fileRef = D154F2201DFE3FC9001AAD24 /* freshUITests.m */; };
		D154F2321DFE3FD5001AAD24 /* MJRefreshComponent.m in Sources */ = {isa = PBXBuildFile; fileRef = D154F22F1DFE3FD5001AAD24 /* MJRefreshComponent.m */; };
		D154F2331DFE3FD5001AAD24 /* MJRefreshHeader.m in Sources */ = {isa = PBXBuildFile; fileRef = D154F2311DFE3FD5001AAD24 /* MJRefreshHeader.m */; };
		D154F23E1DFE400A001AAD24 /* MJRefreshConst.m in Sources */ = {isa = PBXBuildFile; fileRef = D154F2351DFE400A001AAD24 /* MJRefreshConst.m */; };
		D154F23F1DFE400A001AAD24 /* NSBundle+MJRefresh.m in Sources */ = {isa = PBXBuildFile; fileRef = D154F2371DFE400A001AAD24 /* NSBundle+MJRefresh.m */; };
		D154F2401DFE400A001AAD24 /* UIScrollView+MJExtension.m in Sources */ = {isa = PBXBuildFile; fileRef = D154F2391DFE400A001AAD24 /* UIScrollView+MJExtension.m */; };
		D154F2411DFE400A001AAD24 /* UIScrollView+MJRefresh.m in Sources */ = {isa = PBXBuildFile; fileRef = D154F23B1DFE400A001AAD24 /* UIScrollView+MJRefresh.m */; };
		D154F2421DFE400A001AAD24 /* UIView+MJExtension.m in Sources */ = {isa = PBXBuildFile; fileRef = D154F23D1DFE400A001AAD24 /* UIView+MJExtension.m */; };
		D154F2471DFE4035001AAD24 /* PocketSVG.m in Sources */ = {isa = PBXBuildFile; fileRef = D154F2441DFE4035001AAD24 /* PocketSVG.m */; };
		D154F2481DFE4035001AAD24 /* TGDrawSvgPathView.m in Sources */ = {isa = PBXBuildFile; fileRef = D154F2461DFE4035001AAD24 /* TGDrawSvgPathView.m */; };
		D154F24D1DFE42EA001AAD24 /* MJRefreshNormalHeader.m in Sources */ = {isa = PBXBuildFile; fileRef = D154F24C1DFE42EA001AAD24 /* MJRefreshNormalHeader.m */; };
		D154F2501DFE4324001AAD24 /* MJRefreshStateHeader.m in Sources */ = {isa = PBXBuildFile; fileRef = D154F24F1DFE4324001AAD24 /* MJRefreshStateHeader.m */; };
		D154F2521DFE4D72001AAD24 /* cloud.svg in Resources */ = {isa = PBXBuildFile; fileRef = D154F2511DFE4D72001AAD24 /* cloud.svg */; };
		D1B6E6AB1E00EC730013747B /* MJSVGFreshHeader.m in Sources */ = {isa = PBXBuildFile; fileRef = D1B6E6AA1E00EC730013747B /* MJSVGFreshHeader.m */; };
/* End PBXBuildFile section */

/* Begin PBXContainerItemProxy section */
		D154F2121DFE3FC9001AAD24 /* PBXContainerItemProxy */ = {
			isa = PBXContainerItemProxy;
			containerPortal = D154F1F01DFE3FC8001AAD24 /* Project object */;
			proxyType = 1;
			remoteGlobalIDString = D154F1F71DFE3FC8001AAD24;
			remoteInfo = fresh;
		};
		D154F21D1DFE3FC9001AAD24 /* PBXContainerItemProxy */ = {
			isa = PBXContainerItemProxy;
			containerPortal = D154F1F01DFE3FC8001AAD24 /* Project object */;
			proxyType = 1;
			remoteGlobalIDString = D154F1F71DFE3FC8001AAD24;
			remoteInfo = fresh;
		};
/* End PBXContainerItemProxy section */

/* Begin PBXFileReference section */
		D154F1F81DFE3FC8001AAD24 /* fresh.app */ = {isa = PBXFileReference; explicitFileType = wrapper.application; includeInIndex = 0; path = fresh.app; sourceTree = BUILT_PRODUCTS_DIR; };
		D154F1FC1DFE3FC8001AAD24 /* main.m */ = {isa = PBXFileReference; lastKnownFileType = sourcecode.c.objc; path = main.m; sourceTree = "<group>"; };
		D154F1FE1DFE3FC8001AAD24 /* AppDelegate.h */ = {isa = PBXFileReference; lastKnownFileType = sourcecode.c.h; path = AppDelegate.h; sourceTree = "<group>"; };
		D154F1FF1DFE3FC8001AAD24 /* AppDelegate.m */ = {isa = PBXFileReference; lastKnownFileType = sourcecode.c.objc; path = AppDelegate.m; sourceTree = "<group>"; };
		D154F2011DFE3FC8001AAD24 /* ViewController.h */ = {isa = PBXFileReference; lastKnownFileType = sourcecode.c.h; path = ViewController.h; sourceTree = "<group>"; };
		D154F2021DFE3FC8001AAD24 /* ViewController.m */ = {isa = PBXFileReference; lastKnownFileType = sourcecode.c.objc; path = ViewController.m; sourceTree = "<group>"; };
		D154F2051DFE3FC8001AAD24 /* Base */ = {isa = PBXFileReference; lastKnownFileType = file.storyboard; name = Base; path = Base.lproj/Main.storyboard; sourceTree = "<group>"; };
		D154F2071DFE3FC8001AAD24 /* Assets.xcassets */ = {isa = PBXFileReference; lastKnownFileType = folder.assetcatalog; path = Assets.xcassets; sourceTree = "<group>"; };
		D154F20A1DFE3FC8001AAD24 /* Base */ = {isa = PBXFileReference; lastKnownFileType = file.storyboard; name = Base; path = Base.lproj/LaunchScreen.storyboard; sourceTree = "<group>"; };
		D154F20C1DFE3FC8001AAD24 /* Info.plist */ = {isa = PBXFileReference; lastKnownFileType = text.plist.xml; path = Info.plist; sourceTree = "<group>"; };
		D154F2111DFE3FC9001AAD24 /* freshTests.xctest */ = {isa = PBXFileReference; explicitFileType = wrapper.cfbundle; includeInIndex = 0; path = freshTests.xctest; sourceTree = BUILT_PRODUCTS_DIR; };
		D154F2151DFE3FC9001AAD24 /* freshTests.m */ = {isa = PBXFileReference; lastKnownFileType = sourcecode.c.objc; path = freshTests.m; sourceTree = "<group>"; };
		D154F2171DFE3FC9001AAD24 /* Info.plist */ = {isa = PBXFileReference; lastKnownFileType = text.plist.xml; path = Info.plist; sourceTree = "<group>"; };
		D154F21C1DFE3FC9001AAD24 /* freshUITests.xctest */ = {isa = PBXFileReference; explicitFileType = wrapper.cfbundle; includeInIndex = 0; path = freshUITests.xctest; sourceTree = BUILT_PRODUCTS_DIR; };
		D154F2201DFE3FC9001AAD24 /* freshUITests.m */ = {isa = PBXFileReference; lastKnownFileType = sourcecode.c.objc; path = freshUITests.m; sourceTree = "<group>"; };
		D154F2221DFE3FC9001AAD24 /* Info.plist */ = {isa = PBXFileReference; lastKnownFileType = text.plist.xml; path = Info.plist; sourceTree = "<group>"; };
		D154F22E1DFE3FD5001AAD24 /* MJRefreshComponent.h */ = {isa = PBXFileReference; fileEncoding = 4; lastKnownFileType = sourcecode.c.h; path = MJRefreshComponent.h; sourceTree = "<group>"; };
		D154F22F1DFE3FD5001AAD24 /* MJRefreshComponent.m */ = {isa = PBXFileReference; fileEncoding = 4; lastKnownFileType = sourcecode.c.objc; path = MJRefreshComponent.m; sourceTree = "<group>"; };
		D154F2301DFE3FD5001AAD24 /* MJRefreshHeader.h */ = {isa = PBXFileReference; fileEncoding = 4; lastKnownFileType = sourcecode.c.h; path = MJRefreshHeader.h; sourceTree = "<group>"; };
		D154F2311DFE3FD5001AAD24 /* MJRefreshHeader.m */ = {isa = PBXFileReference; fileEncoding = 4; lastKnownFileType = sourcecode.c.objc; path = MJRefreshHeader.m; sourceTree = "<group>"; };
		D154F2341DFE400A001AAD24 /* MJRefreshConst.h */ = {isa = PBXFileReference; fileEncoding = 4; lastKnownFileType = sourcecode.c.h; path = MJRefreshConst.h; sourceTree = "<group>"; };
		D154F2351DFE400A001AAD24 /* MJRefreshConst.m */ = {isa = PBXFileReference; fileEncoding = 4; lastKnownFileType = sourcecode.c.objc; path = MJRefreshConst.m; sourceTree = "<group>"; };
		D154F2361DFE400A001AAD24 /* NSBundle+MJRefresh.h */ = {isa = PBXFileReference; fileEncoding = 4; lastKnownFileType = sourcecode.c.h; path = "NSBundle+MJRefresh.h"; sourceTree = "<group>"; };
		D154F2371DFE400A001AAD24 /* NSBundle+MJRefresh.m */ = {isa = PBXFileReference; fileEncoding = 4; lastKnownFileType = sourcecode.c.objc; path = "NSBundle+MJRefresh.m"; sourceTree = "<group>"; };
		D154F2381DFE400A001AAD24 /* UIScrollView+MJExtension.h */ = {isa = PBXFileReference; fileEncoding = 4; lastKnownFileType = sourcecode.c.h; path = "UIScrollView+MJExtension.h"; sourceTree = "<group>"; };
		D154F2391DFE400A001AAD24 /* UIScrollView+MJExtension.m */ = {isa = PBXFileReference; fileEncoding = 4; lastKnownFileType = sourcecode.c.objc; path = "UIScrollView+MJExtension.m"; sourceTree = "<group>"; };
		D154F23A1DFE400A001AAD24 /* UIScrollView+MJRefresh.h */ = {isa = PBXFileReference; fileEncoding = 4; lastKnownFileType = sourcecode.c.h; path = "UIScrollView+MJRefresh.h"; sourceTree = "<group>"; };
		D154F23B1DFE400A001AAD24 /* UIScrollView+MJRefresh.m */ = {isa = PBXFileReference; fileEncoding = 4; lastKnownFileType = sourcecode.c.objc; path = "UIScrollView+MJRefresh.m"; sourceTree = "<group>"; };
		D154F23C1DFE400A001AAD24 /* UIView+MJExtension.h */ = {isa = PBXFileReference; fileEncoding = 4; lastKnownFileType = sourcecode.c.h; path = "UIView+MJExtension.h"; sourceTree = "<group>"; };
		D154F23D1DFE400A001AAD24 /* UIView+MJExtension.m */ = {isa = PBXFileReference; fileEncoding = 4; lastKnownFileType = sourcecode.c.objc; path = "UIView+MJExtension.m"; sourceTree = "<group>"; };
		D154F2431DFE4035001AAD24 /* PocketSVG.h */ = {isa = PBXFileReference; fileEncoding = 4; lastKnownFileType = sourcecode.c.h; path = PocketSVG.h; sourceTree = "<group>"; };
		D154F2441DFE4035001AAD24 /* PocketSVG.m */ = {isa = PBXFileReference; fileEncoding = 4; lastKnownFileType = sourcecode.c.objc; path = PocketSVG.m; sourceTree = "<group>"; };
		D154F2451DFE4035001AAD24 /* TGDrawSvgPathView.h */ = {isa = PBXFileReference; fileEncoding = 4; lastKnownFileType = sourcecode.c.h; path = TGDrawSvgPathView.h; sourceTree = "<group>"; };
		D154F2461DFE4035001AAD24 /* TGDrawSvgPathView.m */ = {isa = PBXFileReference; fileEncoding = 4; lastKnownFileType = sourcecode.c.objc; path = TGDrawSvgPathView.m; sourceTree = "<group>"; };
		D154F24B1DFE42EA001AAD24 /* MJRefreshNormalHeader.h */ = {isa = PBXFileReference; fileEncoding = 4; lastKnownFileType = sourcecode.c.h; path = MJRefreshNormalHeader.h; sourceTree = "<group>"; };
		D154F24C1DFE42EA001AAD24 /* MJRefreshNormalHeader.m */ = {isa = PBXFileReference; fileEncoding = 4; lastKnownFileType = sourcecode.c.objc; path = MJRefreshNormalHeader.m; sourceTree = "<group>"; };
		D154F24E1DFE4324001AAD24 /* MJRefreshStateHeader.h */ = {isa = PBXFileReference; fileEncoding = 4; lastKnownFileType = sourcecode.c.h; path = MJRefreshStateHeader.h; sourceTree = "<group>"; };
		D154F24F1DFE4324001AAD24 /* MJRefreshStateHeader.m */ = {isa = PBXFileReference; fileEncoding = 4; lastKnownFileType = sourcecode.c.objc; path = MJRefreshStateHeader.m; sourceTree = "<group>"; };
		D154F2511DFE4D72001AAD24 /* cloud.svg */ = {isa = PBXFileReference; fileEncoding = 4; lastKnownFileType = text.xml; path = cloud.svg; sourceTree = "<group>"; };
		D1B6E6A91E00EC730013747B /* MJSVGFreshHeader.h */ = {isa = PBXFileReference; fileEncoding = 4; lastKnownFileType = sourcecode.c.h; path = MJSVGFreshHeader.h; sourceTree = "<group>"; };
		D1B6E6AA1E00EC730013747B /* MJSVGFreshHeader.m */ = {isa = PBXFileReference; fileEncoding = 4; lastKnownFileType = sourcecode.c.objc; path = MJSVGFreshHeader.m; sourceTree = "<group>"; };
/* End PBXFileReference section */

/* Begin PBXFrameworksBuildPhase section */
		D154F1F51DFE3FC8001AAD24 /* Frameworks */ = {
			isa = PBXFrameworksBuildPhase;
			buildActionMask = 2147483647;
			files = (
			);
			runOnlyForDeploymentPostprocessing = 0;
		};
		D154F20E1DFE3FC9001AAD24 /* Frameworks */ = {
			isa = PBXFrameworksBuildPhase;
			buildActionMask = 2147483647;
			files = (
			);
			runOnlyForDeploymentPostprocessing = 0;
		};
		D154F2191DFE3FC9001AAD24 /* Frameworks */ = {
			isa = PBXFrameworksBuildPhase;
			buildActionMask = 2147483647;
			files = (
			);
			runOnlyForDeploymentPostprocessing = 0;
		};
/* End PBXFrameworksBuildPhase section */

/* Begin PBXGroup section */
		D154F1EF1DFE3FC8001AAD24 = {
			isa = PBXGroup;
			children = (
				D154F1FA1DFE3FC8001AAD24 /* fresh */,
				D154F2141DFE3FC9001AAD24 /* freshTests */,
				D154F21F1DFE3FC9001AAD24 /* freshUITests */,
				D154F1F91DFE3FC8001AAD24 /* Products */,
			);
			sourceTree = "<group>";
		};
		D154F1F91DFE3FC8001AAD24 /* Products */ = {
			isa = PBXGroup;
			children = (
				D154F1F81DFE3FC8001AAD24 /* fresh.app */,
				D154F2111DFE3FC9001AAD24 /* freshTests.xctest */,
				D154F21C1DFE3FC9001AAD24 /* freshUITests.xctest */,
			);
			name = Products;
			sourceTree = "<group>";
		};
		D154F1FA1DFE3FC8001AAD24 /* fresh */ = {
			isa = PBXGroup;
			children = (
				D154F2511DFE4D72001AAD24 /* cloud.svg */,
				D154F1FE1DFE3FC8001AAD24 /* AppDelegate.h */,
				D154F1FF1DFE3FC8001AAD24 /* AppDelegate.m */,
				D154F2011DFE3FC8001AAD24 /* ViewController.h */,
				D154F2021DFE3FC8001AAD24 /* ViewController.m */,
				D1B6E6A91E00EC730013747B /* MJSVGFreshHeader.h */,
				D1B6E6AA1E00EC730013747B /* MJSVGFreshHeader.m */,
				D154F2431DFE4035001AAD24 /* PocketSVG.h */,
				D154F2441DFE4035001AAD24 /* PocketSVG.m */,
				D154F2451DFE4035001AAD24 /* TGDrawSvgPathView.h */,
				D154F2461DFE4035001AAD24 /* TGDrawSvgPathView.m */,
				D154F24B1DFE42EA001AAD24 /* MJRefreshNormalHeader.h */,
				D154F24C1DFE42EA001AAD24 /* MJRefreshNormalHeader.m */,
				D154F24E1DFE4324001AAD24 /* MJRefreshStateHeader.h */,
				D154F24F1DFE4324001AAD24 /* MJRefreshStateHeader.m */,
				D154F22E1DFE3FD5001AAD24 /* MJRefreshComponent.h */,
				D154F22F1DFE3FD5001AAD24 /* MJRefreshComponent.m */,
				D154F2301DFE3FD5001AAD24 /* MJRefreshHeader.h */,
				D154F2311DFE3FD5001AAD24 /* MJRefreshHeader.m */,
				D154F2341DFE400A001AAD24 /* MJRefreshConst.h */,
				D154F2351DFE400A001AAD24 /* MJRefreshConst.m */,
				D154F2361DFE400A001AAD24 /* NSBundle+MJRefresh.h */,
				D154F2371DFE400A001AAD24 /* NSBundle+MJRefresh.m */,
				D154F2381DFE400A001AAD24 /* UIScrollView+MJExtension.h */,
				D154F2391DFE400A001AAD24 /* UIScrollView+MJExtension.m */,
				D154F23A1DFE400A001AAD24 /* UIScrollView+MJRefresh.h */,
				D154F23B1DFE400A001AAD24 /* UIScrollView+MJRefresh.m */,
				D154F23C1DFE400A001AAD24 /* UIView+MJExtension.h */,
				D154F23D1DFE400A001AAD24 /* UIView+MJExtension.m */,
				D154F2041DFE3FC8001AAD24 /* Main.storyboard */,
				D154F2071DFE3FC8001AAD24 /* Assets.xcassets */,
				D154F2091DFE3FC8001AAD24 /* LaunchScreen.storyboard */,
				D154F20C1DFE3FC8001AAD24 /* Info.plist */,
				D154F1FB1DFE3FC8001AAD24 /* Supporting Files */,
			);
			path = fresh;
			sourceTree = "<group>";
		};
		D154F1FB1DFE3FC8001AAD24 /* Supporting Files */ = {
			isa = PBXGroup;
			children = (
				D154F1FC1DFE3FC8001AAD24 /* main.m */,
			);
			name = "Supporting Files";
			sourceTree = "<group>";
		};
		D154F2141DFE3FC9001AAD24 /* freshTests */ = {
			isa = PBXGroup;
			children = (
				D154F2151DFE3FC9001AAD24 /* freshTests.m */,
				D154F2171DFE3FC9001AAD24 /* Info.plist */,
			);
			path = freshTests;
			sourceTree = "<group>";
		};
		D154F21F1DFE3FC9001AAD24 /* freshUITests */ = {
			isa = PBXGroup;
			children = (
				D154F2201DFE3FC9001AAD24 /* freshUITests.m */,
				D154F2221DFE3FC9001AAD24 /* Info.plist */,
			);
			path = freshUITests;
			sourceTree = "<group>";
		};
/* End PBXGroup section */

/* Begin PBXNativeTarget section */
		D154F1F71DFE3FC8001AAD24 /* fresh */ = {
			isa = PBXNativeTarget;
			buildConfigurationList = D154F2251DFE3FC9001AAD24 /* Build configuration list for PBXNativeTarget "fresh" */;
			buildPhases = (
				D154F1F41DFE3FC8001AAD24 /* Sources */,
				D154F1F51DFE3FC8001AAD24 /* Frameworks */,
				D154F1F61DFE3FC8001AAD24 /* Resources */,
			);
			buildRules = (
			);
			dependencies = (
			);
			name = fresh;
			productName = fresh;
			productReference = D154F1F81DFE3FC8001AAD24 /* fresh.app */;
			productType = "com.apple.product-type.application";
		};
		D154F2101DFE3FC9001AAD24 /* freshTests */ = {
			isa = PBXNativeTarget;
			buildConfigurationList = D154F2281DFE3FC9001AAD24 /* Build configuration list for PBXNativeTarget "freshTests" */;
			buildPhases = (
				D154F20D1DFE3FC9001AAD24 /* Sources */,
				D154F20E1DFE3FC9001AAD24 /* Frameworks */,
				D154F20F1DFE3FC9001AAD24 /* Resources */,
			);
			buildRules = (
			);
			dependencies = (
				D154F2131DFE3FC9001AAD24 /* PBXTargetDependency */,
			);
			name = freshTests;
			productName = freshTests;
			productReference = D154F2111DFE3FC9001AAD24 /* freshTests.xctest */;
			productType = "com.apple.product-type.bundle.unit-test";
		};
		D154F21B1DFE3FC9001AAD24 /* freshUITests */ = {
			isa = PBXNativeTarget;
			buildConfigurationList = D154F22B1DFE3FC9001AAD24 /* Build configuration list for PBXNativeTarget "freshUITests" */;
			buildPhases = (
				D154F2181DFE3FC9001AAD24 /* Sources */,
				D154F2191DFE3FC9001AAD24 /* Frameworks */,
				D154F21A1DFE3FC9001AAD24 /* Resources */,
			);
			buildRules = (
			);
			dependencies = (
				D154F21E1DFE3FC9001AAD24 /* PBXTargetDependency */,
			);
			name = freshUITests;
			productName = freshUITests;
			productReference = D154F21C1DFE3FC9001AAD24 /* freshUITests.xctest */;
			productType = "com.apple.product-type.bundle.ui-testing";
		};
/* End PBXNativeTarget section */

/* Begin PBXProject section */
		D154F1F01DFE3FC8001AAD24 /* Project object */ = {
			isa = PBXProject;
			attributes = {
				LastUpgradeCheck = 0810;
				ORGANIZATIONNAME = zidon;
				TargetAttributes = {
					D154F1F71DFE3FC8001AAD24 = {
						CreatedOnToolsVersion = 8.1;
						DevelopmentTeam = JD725W2QL8;
						ProvisioningStyle = Automatic;
					};
					D154F2101DFE3FC9001AAD24 = {
						CreatedOnToolsVersion = 8.1;
						ProvisioningStyle = Automatic;
						TestTargetID = D154F1F71DFE3FC8001AAD24;
					};
					D154F21B1DFE3FC9001AAD24 = {
						CreatedOnToolsVersion = 8.1;
						ProvisioningStyle = Automatic;
						TestTargetID = D154F1F71DFE3FC8001AAD24;
					};
				};
			};
			buildConfigurationList = D154F1F31DFE3FC8001AAD24 /* Build configuration list for PBXProject "fresh" */;
			compatibilityVersion = "Xcode 3.2";
			developmentRegion = English;
			hasScannedForEncodings = 0;
			knownRegions = (
				en,
				Base,
			);
			mainGroup = D154F1EF1DFE3FC8001AAD24;
			productRefGroup = D154F1F91DFE3FC8001AAD24 /* Products */;
			projectDirPath = "";
			projectRoot = "";
			targets = (
				D154F1F71DFE3FC8001AAD24 /* fresh */,
				D154F2101DFE3FC9001AAD24 /* freshTests */,
				D154F21B1DFE3FC9001AAD24 /* freshUITests */,
			);
		};
/* End PBXProject section */

/* Begin PBXResourcesBuildPhase section */
		D154F1F61DFE3FC8001AAD24 /* Resources */ = {
			isa = PBXResourcesBuildPhase;
			buildActionMask = 2147483647;
			files = (
				D154F20B1DFE3FC8001AAD24 /* LaunchScreen.storyboard in Resources */,
				D154F2081DFE3FC8001AAD24 /* Assets.xcassets in Resources */,
				D154F2521DFE4D72001AAD24 /* cloud.svg in Resources */,
				D154F2061DFE3FC8001AAD24 /* Main.storyboard in Resources */,
			);
			runOnlyForDeploymentPostprocessing = 0;
		};
		D154F20F1DFE3FC9001AAD24 /* Resources */ = {
			isa = PBXResourcesBuildPhase;
			buildActionMask = 2147483647;
			files = (
			);
			runOnlyForDeploymentPostprocessing = 0;
		};
		D154F21A1DFE3FC9001AAD24 /* Resources */ = {
			isa = PBXResourcesBuildPhase;
			buildActionMask = 2147483647;
			files = (
			);
			runOnlyForDeploymentPostprocessing = 0;
		};
/* End PBXResourcesBuildPhase section */

/* Begin PBXSourcesBuildPhase section */
		D154F1F41DFE3FC8001AAD24 /* Sources */ = {
			isa = PBXSourcesBuildPhase;
			buildActionMask = 2147483647;
			files = (
				D154F2331DFE3FD5001AAD24 /* MJRefreshHeader.m in Sources */,
				D154F2421DFE400A001AAD24 /* UIView+MJExtension.m in Sources */,
				D154F23F1DFE400A001AAD24 /* NSBundle+MJRefresh.m in Sources */,
				D154F24D1DFE42EA001AAD24 /* MJRefreshNormalHeader.m in Sources */,
				D154F2321DFE3FD5001AAD24 /* MJRefreshComponent.m in Sources */,
				D154F23E1DFE400A001AAD24 /* MJRefreshConst.m in Sources */,
				D154F2401DFE400A001AAD24 /* UIScrollView+MJExtension.m in Sources */,
				D154F2411DFE400A001AAD24 /* UIScrollView+MJRefresh.m in Sources */,
				D154F2471DFE4035001AAD24 /* PocketSVG.m in Sources */,
				D154F2501DFE4324001AAD24 /* MJRefreshStateHeader.m in Sources */,
				D154F2031DFE3FC8001AAD24 /* ViewController.m in Sources */,
				D154F2001DFE3FC8001AAD24 /* AppDelegate.m in Sources */,
				D154F1FD1DFE3FC8001AAD24 /* main.m in Sources */,
				D1B6E6AB1E00EC730013747B /* MJSVGFreshHeader.m in Sources */,
				D154F2481DFE4035001AAD24 /* TGDrawSvgPathView.m in Sources */,
			);
			runOnlyForDeploymentPostprocessing = 0;
		};
		D154F20D1DFE3FC9001AAD24 /* Sources */ = {
			isa = PBXSourcesBuildPhase;
			buildActionMask = 2147483647;
			files = (
				D154F2161DFE3FC9001AAD24 /* freshTests.m in Sources */,
			);
			runOnlyForDeploymentPostprocessing = 0;
		};
		D154F2181DFE3FC9001AAD24 /* Sources */ = {
			isa = PBXSourcesBuildPhase;
			buildActionMask = 2147483647;
			files = (
				D154F2211DFE3FC9001AAD24 /* freshUITests.m in Sources */,
			);
			runOnlyForDeploymentPostprocessing = 0;
		};
/* End PBXSourcesBuildPhase section */

/* Begin PBXTargetDependency section */
		D154F2131DFE3FC9001AAD24 /* PBXTargetDependency */ = {
			isa = PBXTargetDependency;
			target = D154F1F71DFE3FC8001AAD24 /* fresh */;
			targetProxy = D154F2121DFE3FC9001AAD24 /* PBXContainerItemProxy */;
		};
		D154F21E1DFE3FC9001AAD24 /* PBXTargetDependency */ = {
			isa = PBXTargetDependency;
			target = D154F1F71DFE3FC8001AAD24 /* fresh */;
			targetProxy = D154F21D1DFE3FC9001AAD24 /* PBXContainerItemProxy */;
		};
/* End PBXTargetDependency section */

/* Begin PBXVariantGroup section */
		D154F2041DFE3FC8001AAD24 /* Main.storyboard */ = {
			isa = PBXVariantGroup;
			children = (
				D154F2051DFE3FC8001AAD24 /* Base */,
			);
			name = Main.storyboard;
			sourceTree = "<group>";
		};
		D154F2091DFE3FC8001AAD24 /* LaunchScreen.storyboard */ = {
			isa = PBXVariantGroup;
			children = (
				D154F20A1DFE3FC8001AAD24 /* Base */,
			);
			name = LaunchScreen.storyboard;
			sourceTree = "<group>";
		};
/* End PBXVariantGroup section */

/* Begin XCBuildConfiguration section */
		D154F2231DFE3FC9001AAD24 /* Debug */ = {
			isa = XCBuildConfiguration;
			buildSettings = {
				ALWAYS_SEARCH_USER_PATHS = NO;
				CLANG_ANALYZER_NONNULL = YES;
				CLANG_CXX_LANGUAGE_STANDARD = "gnu++0x";
				CLANG_CXX_LIBRARY = "libc++";
				CLANG_ENABLE_MODULES = YES;
				CLANG_ENABLE_OBJC_ARC = YES;
				CLANG_WARN_BOOL_CONVERSION = YES;
				CLANG_WARN_CONSTANT_CONVERSION = YES;
				CLANG_WARN_DIRECT_OBJC_ISA_USAGE = YES_ERROR;
				CLANG_WARN_DOCUMENTATION_COMMENTS = YES;
				CLANG_WARN_EMPTY_BODY = YES;
				CLANG_WARN_ENUM_CONVERSION = YES;
				CLANG_WARN_INFINITE_RECURSION = YES;
				CLANG_WARN_INT_CONVERSION = YES;
				CLANG_WARN_OBJC_ROOT_CLASS = YES_ERROR;
				CLANG_WARN_SUSPICIOUS_MOVES = YES;
				CLANG_WARN_UNREACHABLE_CODE = YES;
				CLANG_WARN__DUPLICATE_METHOD_MATCH = YES;
				"CODE_SIGN_IDENTITY[sdk=iphoneos*]" = "iPhone Developer";
				COPY_PHASE_STRIP = NO;
				DEBUG_INFORMATION_FORMAT = dwarf;
				ENABLE_STRICT_OBJC_MSGSEND = YES;
				ENABLE_TESTABILITY = YES;
				GCC_C_LANGUAGE_STANDARD = gnu99;
				GCC_DYNAMIC_NO_PIC = NO;
				GCC_NO_COMMON_BLOCKS = YES;
				GCC_OPTIMIZATION_LEVEL = 0;
				GCC_PREPROCESSOR_DEFINITIONS = (
					"DEBUG=1",
					"$(inherited)",
				);
				GCC_WARN_64_TO_32_BIT_CONVERSION = YES;
				GCC_WARN_ABOUT_RETURN_TYPE = YES_ERROR;
				GCC_WARN_UNDECLARED_SELECTOR = YES;
				GCC_WARN_UNINITIALIZED_AUTOS = YES_AGGRESSIVE;
				GCC_WARN_UNUSED_FUNCTION = YES;
				GCC_WARN_UNUSED_VARIABLE = YES;
				IPHONEOS_DEPLOYMENT_TARGET = 10.1;
				MTL_ENABLE_DEBUG_INFO = YES;
				ONLY_ACTIVE_ARCH = YES;
				SDKROOT = iphoneos;
				TARGETED_DEVICE_FAMILY = "1,2";
			};
			name = Debug;
		};
		D154F2241DFE3FC9001AAD24 /* Release */ = {
			isa = XCBuildConfiguration;
			buildSettings = {
				ALWAYS_SEARCH_USER_PATHS = NO;
				CLANG_ANALYZER_NONNULL = YES;
				CLANG_CXX_LANGUAGE_STANDARD = "gnu++0x";
				CLANG_CXX_LIBRARY = "libc++";
				CLANG_ENABLE_MODULES = YES;
				CLANG_ENABLE_OBJC_ARC = YES;
				CLANG_WARN_BOOL_CONVERSION = YES;
				CLANG_WARN_CONSTANT_CONVERSION = YES;
				CLANG_WARN_DIRECT_OBJC_ISA_USAGE = YES_ERROR;
				CLANG_WARN_DOCUMENTATION_COMMENTS = YES;
				CLANG_WARN_EMPTY_BODY = YES;
				CLANG_WARN_ENUM_CONVERSION = YES;
				CLANG_WARN_INFINITE_RECURSION = YES;
				CLANG_WARN_INT_CONVERSION = YES;
				CLANG_WARN_OBJC_ROOT_CLASS = YES_ERROR;
				CLANG_WARN_SUSPICIOUS_MOVES = YES;
				CLANG_WARN_UNREACHABLE_CODE = YES;
				CLANG_WARN__DUPLICATE_METHOD_MATCH = YES;
				"CODE_SIGN_IDENTITY[sdk=iphoneos*]" = "iPhone Developer";
				COPY_PHASE_STRIP = NO;
				DEBUG_INFORMATION_FORMAT = "dwarf-with-dsym";
				ENABLE_NS_ASSERTIONS = NO;
				ENABLE_STRICT_OBJC_MSGSEND = YES;
				GCC_C_LANGUAGE_STANDARD = gnu99;
				GCC_NO_COMMON_BLOCKS = YES;
				GCC_WARN_64_TO_32_BIT_CONVERSION = YES;
				GCC_WARN_ABOUT_RETURN_TYPE = YES_ERROR;
				GCC_WARN_UNDECLARED_SELECTOR = YES;
				GCC_WARN_UNINITIALIZED_AUTOS = YES_AGGRESSIVE;
				GCC_WARN_UNUSED_FUNCTION = YES;
				GCC_WARN_UNUSED_VARIABLE = YES;
				IPHONEOS_DEPLOYMENT_TARGET = 10.1;
				MTL_ENABLE_DEBUG_INFO = NO;
				SDKROOT = iphoneos;
				TARGETED_DEVICE_FAMILY = "1,2";
				VALIDATE_PRODUCT = YES;
			};
			name = Release;
		};
		D154F2261DFE3FC9001AAD24 /* Debug */ = {
			isa = XCBuildConfiguration;
			buildSettings = {
				ASSETCATALOG_COMPILER_APPICON_NAME = AppIcon;
				DEVELOPMENT_TEAM = JD725W2QL8;
				INFOPLIST_FILE = fresh/Info.plist;
				IPHONEOS_DEPLOYMENT_TARGET = 10.0;
				LD_RUNPATH_SEARCH_PATHS = "$(inherited) @executable_path/Frameworks";
				PRODUCT_BUNDLE_IDENTIFIER = czc.fresh;
				PRODUCT_NAME = "$(TARGET_NAME)";
			};
			name = Debug;
		};
		D154F2271DFE3FC9001AAD24 /* Release */ = {
			isa = XCBuildConfiguration;
			buildSettings = {
				ASSETCATALOG_COMPILER_APPICON_NAME = AppIcon;
				DEVELOPMENT_TEAM = JD725W2QL8;
				INFOPLIST_FILE = fresh/Info.plist;
				IPHONEOS_DEPLOYMENT_TARGET = 10.0;
				LD_RUNPATH_SEARCH_PATHS = "$(inherited) @executable_path/Frameworks";
				PRODUCT_BUNDLE_IDENTIFIER = czc.fresh;
				PRODUCT_NAME = "$(TARGET_NAME)";
			};
			name = Release;
		};
		D154F2291DFE3FC9001AAD24 /* Debug */ = {
			isa = XCBuildConfiguration;
			buildSettings = {
				BUNDLE_LOADER = "$(TEST_HOST)";
				INFOPLIST_FILE = freshTests/Info.plist;
				LD_RUNPATH_SEARCH_PATHS = "$(inherited) @executable_path/Frameworks @loader_path/Frameworks";
				PRODUCT_BUNDLE_IDENTIFIER = czc.freshTests;
				PRODUCT_NAME = "$(TARGET_NAME)";
				TEST_HOST = "$(BUILT_PRODUCTS_DIR)/fresh.app/fresh";
			};
			name = Debug;
		};
		D154F22A1DFE3FC9001AAD24 /* Release */ = {
			isa = XCBuildConfiguration;
			buildSettings = {
				BUNDLE_LOADER = "$(TEST_HOST)";
				INFOPLIST_FILE = freshTests/Info.plist;
				LD_RUNPATH_SEARCH_PATHS = "$(inherited) @executable_path/Frameworks @loader_path/Frameworks";
				PRODUCT_BUNDLE_IDENTIFIER = czc.freshTests;
				PRODUCT_NAME = "$(TARGET_NAME)";
				TEST_HOST = "$(BUILT_PRODUCTS_DIR)/fresh.app/fresh";
			};
			name = Release;
		};
		D154F22C1DFE3FC9001AAD24 /* Debug */ = {
			isa = XCBuildConfiguration;
			buildSettings = {
				INFOPLIST_FILE = freshUITests/Info.plist;
				LD_RUNPATH_SEARCH_PATHS = "$(inherited) @executable_path/Frameworks @loader_path/Frameworks";
				PRODUCT_BUNDLE_IDENTIFIER = czc.freshUITests;
				PRODUCT_NAME = "$(TARGET_NAME)";
				TEST_TARGET_NAME = fresh;
			};
			name = Debug;
		};
		D154F22D1DFE3FC9001AAD24 /* Release */ = {
			isa = XCBuildConfiguration;
			buildSettings = {
				INFOPLIST_FILE = freshUITests/Info.plist;
				LD_RUNPATH_SEARCH_PATHS = "$(inherited) @executable_path/Frameworks @loader_path/Frameworks";
				PRODUCT_BUNDLE_IDENTIFIER = czc.freshUITests;
				PRODUCT_NAME = "$(TARGET_NAME)";
				TEST_TARGET_NAME = fresh;
			};
			name = Release;
		};
/* End XCBuildConfiguration section */

/* Begin XCConfigurationList section */
		D154F1F31DFE3FC8001AAD24 /* Build configuration list for PBXProject "fresh" */ = {
			isa = XCConfigurationList;
			buildConfigurations = (
				D154F2231DFE3FC9001AAD24 /* Debug */,
				D154F2241DFE3FC9001AAD24 /* Release */,
			);
			defaultConfigurationIsVisible = 0;
			defaultConfigurationName = Release;
		};
		D154F2251DFE3FC9001AAD24 /* Build configuration list for PBXNativeTarget "fresh" */ = {
			isa = XCConfigurationList;
			buildConfigurations = (
				D154F2261DFE3FC9001AAD24 /* Debug */,
				D154F2271DFE3FC9001AAD24 /* Release */,
			);
			defaultConfigurationIsVisible = 0;
			defaultConfigurationName = Release;
		};
		D154F2281DFE3FC9001AAD24 /* Build configuration list for PBXNativeTarget "freshTests" */ = {
			isa = XCConfigurationList;
			buildConfigurations = (
				D154F2291DFE3FC9001AAD24 /* Debug */,
				D154F22A1DFE3FC9001AAD24 /* Release */,
			);
			defaultConfigurationIsVisible = 0;
			defaultConfigurationName = Release;
		};
		D154F22B1DFE3FC9001AAD24 /* Build configuration list for PBXNativeTarget "freshUITests" */ = {
			isa = XCConfigurationList;
			buildConfigurations = (
				D154F22C1DFE3FC9001AAD24 /* Debug */,
				D154F22D1DFE3FC9001AAD24 /* Release */,
			);
			defaultConfigurationIsVisible = 0;
			defaultConfigurationName = Release;
		};
/* End XCConfigurationList section */
	};
	rootObject = D154F1F01DFE3FC8001AAD24 /* Project object */;
}
